PODS:
  - AFDateHelper (4.1.2)
  - Alamofire (4.4.0)
  - HockeySDK (4.1.4):
    - HockeySDK/DefaultLib (= 4.1.4)
  - HockeySDK/DefaultLib (4.1.4)
  - Promissum (1.0.0):
    - Promissum/Core (= 1.0.0)
  - Promissum/Alamofire (1.0.0):
    - Alamofire (~> 4.0)
    - Promissum/Core
  - Promissum/Core (1.0.0)
  - Promissum/UIKit (1.0.0):
    - Promissum/Core
  - R.swift (3.2.0):
    - R.swift.Library (~> 3.0.2)
  - R.swift.Library (3.0.2)
  - RxBlocking (3.3.1):
    - RxSwift (~> 3.3)
  - RxCocoa (3.3.1):
    - RxSwift (~> 3.3)
  - RxSwift (3.3.1)
  - SegueManager/iOS (3.1.0)
  - SegueManager/R.swift (3.1.0):
    - R.swift.Library
    - SegueManager/iOS
  - Statham (1.2.0):
    - Statham/Core (= 1.2.0)
  - Statham/Alamofire+Promissum (1.2.0):
    - Promissum/Alamofire (~> 1.0)
    - Statham/Core
  - Statham/Core (1.2.0)

DEPENDENCIES:
  - AFDateHelper (~> 4.0)
  - Alamofire (~> 4.4)
  - HockeySDK
  - Promissum (~> 1.0)
  - Promissum/Alamofire (~> 1.0)
  - Promissum/UIKit (~> 1.0)
  - R.swift (~> 3.2)
  - RxBlocking (~> 3.0)
  - RxCocoa (~> 3.0)
  - RxSwift (~> 3.0)
  - SegueManager/R.swift (~> 3.1.0)
  - Statham (from `https://github.com/tomasharkema/Statham.git`)
  - Statham/Alamofire+Promissum (from `https://github.com/tomasharkema/Statham.git`)

EXTERNAL SOURCES:
  Statham:
    :git: https://github.com/tomasharkema/Statham.git

CHECKOUT OPTIONS:
  Statham:
    :commit: d74510d6201fad7652c8cf2d35e34f093ec53251
    :git: https://github.com/tomasharkema/Statham.git

SPEC CHECKSUMS:
  AFDateHelper: b19c83daa132e398b34fbea085a1554ce07adfe9
  Alamofire: dc44b1600b800eb63da6a19039a0083d62a6a62d
  HockeySDK: 78a3f8bb9100277b531defc56c970369a3ca267a
  Promissum: d1ef42a34fa40f119f011ed89e26234a2f6164c1
  R.swift: 207a372a2b5977caef440c696a368009460641d1
  R.swift.Library: fbdec16c9802ad104fc1ba53415dc190e6ec5c73
  RxBlocking: c5918ecb86b8c205a8ccc6d1ff2abb338ddc50a0
  RxCocoa: 7dcb7a1860fc9cd0e23dae67ab105fc2916670b6
  RxSwift: 8fc9f2de6275a9101d518444e00bf32f1a42caac
  SegueManager: 553e2047fd9a83f0cdcc8038adbdfc28e278e2d9
  Statham: c30278d494d0aeefb9b7229fae919d7905099166

PODFILE CHECKSUM: 485c3b18240b14fd229bf1596c4ccc0fac573325

COCOAPODS: 1.2.0
