<?xml version="1.0" encoding="UTF-8"?>
<Scheme
   LastUpgradeVersion = "0830"
   version = "2.0">
   <BuildAction
      parallelizeBuildables = "YES"
      buildImplicitDependencies = "YES">
      <BuildActionEntries>
         <BuildActionEntry
            buildForTesting = "YES"
            buildForRunning = "YES"
            buildForProfiling = "YES"
            buildForArchiving = "YES"
            buildForAnalyzing = "YES">
            <BuildableReference
               BuildableIdentifier = "primary"
               BlueprintIdentifier = "C3894E021E912FAB00C6FCE2"
               BuildableName = "HLTT.app"
               BlueprintName = "HLTT"
               ReferencedContainer = "container:HoelangTotTrein2.xcodeproj">
            </BuildableReference>
         </BuildActionEntry>
         <BuildActionEntry
            buildForTesting = "YES"
            buildForRunning = "YES"
            buildForProfiling = "YES"
            buildForArchiving = "YES"
            buildForAnalyzing = "YES">
            <BuildableReference
               BuildableIdentifier = "primary"
               BlueprintIdentifier = "C3894E0E1E912FAB00C6FCE2"
               BuildableName = "HLTT Extension.appex"
               BlueprintName = "HLTT Extension"
               ReferencedContainer = "container:HoelangTotTrein2.xcodeproj">
            </BuildableReference>
         </BuildActionEntry>
         <BuildActionEntry
            buildForTesting = "YES"
            buildForRunning = "YES"
            buildForProfiling = "YES"
            buildForArchiving = "YES"
            buildForAnalyzing = "YES">
            <BuildableReference
               BuildableIdentifier = "primary"
               BlueprintIdentifier = "C3E8474E1BB82A01007D17C3"
               BuildableName = "HLTT.app"
               BlueprintName = "HoelangTotTrein2"
               ReferencedContainer = "container:HoelangTotTrein2.xcodeproj">
            </BuildableReference>
         </BuildActionEntry>
      </BuildActionEntries>
   </BuildAction>
   <TestAction
      buildConfiguration = "Debug"
      selectedDebuggerIdentifier = "Xcode.DebuggerFoundation.Debugger.LLDB"
      selectedLauncherIdentifier = "Xcode.DebuggerFoundation.Launcher.LLDB"
      shouldUseLaunchSchemeArgsEnv = "YES">
      <Testables>
         <TestableReference
            skipped = "NO">
            <BuildableReference
               BuildableIdentifier = "primary"
               BlueprintIdentifier = "C30B400F1E98ED5F00D99541"
               BuildableName = "HoelangTotTreinAPITests.xctest"
               BlueprintName = "HoelangTotTreinAPITests"
               ReferencedContainer = "container:HoelangTotTrein2.xcodeproj">
            </BuildableReference>
         </TestableReference>
      </Testables>
      <MacroExpansion>
         <BuildableReference
            BuildableIdentifier = "primary"
            BlueprintIdentifier = "C3894E021E912FAB00C6FCE2"
            BuildableName = "HLTT.app"
            BlueprintName = "HLTT"
            ReferencedContainer = "container:HoelangTotTrein2.xcodeproj">
         </BuildableReference>
      </MacroExpansion>
      <AdditionalOptions>
      </AdditionalOptions>
   </TestAction>
   <LaunchAction
      buildConfiguration = "Debug"
      selectedDebuggerIdentifier = "Xcode.DebuggerFoundation.Debugger.LLDB"
      selectedLauncherIdentifier = "Xcode.DebuggerFoundation.Launcher.LLDB"
      launchStyle = "0"
      useCustomWorkingDirectory = "NO"
      ignoresPersistentStateOnLaunch = "NO"
      debugDocumentVersioning = "YES"
      debugServiceExtension = "internal"
      allowLocationSimulation = "YES"
      launchAutomaticallySubstyle = "4"
      notificationPayloadFile = "HLTT Extension/Supporting Files/PushNotificationPayload.apns">
      <RemoteRunnable
         runnableDebuggingMode = "2"
         BundleIdentifier = "com.apple.carousel"
         RemotePath = "/HLTT">
         <BuildableReference
            BuildableIdentifier = "primary"
            BlueprintIdentifier = "C3894E021E912FAB00C6FCE2"
            BuildableName = "HLTT.app"
            BlueprintName = "HLTT"
            ReferencedContainer = "container:HoelangTotTrein2.xcodeproj">
         </BuildableReference>
      </RemoteRunnable>
      <MacroExpansion>
         <BuildableReference
            BuildableIdentifier = "primary"
            BlueprintIdentifier = "C3894E021E912FAB00C6FCE2"
            BuildableName = "HLTT.app"
            BlueprintName = "HLTT"
            ReferencedContainer = "container:HoelangTotTrein2.xcodeproj">
         </BuildableReference>
      </MacroExpansion>
      <AdditionalOptions>
      </AdditionalOptions>
   </LaunchAction>
   <ProfileAction
      buildConfiguration = "Release"
      shouldUseLaunchSchemeArgsEnv = "YES"
      savedToolIdentifier = ""
      useCustomWorkingDirectory = "NO"
      debugDocumentVersioning = "YES"
      launchAutomaticallySubstyle = "4"
      notificationPayloadFile = "HLTT Extension/Supporting Files/PushNotificationPayload.apns">
      <RemoteRunnable
         runnableDebuggingMode = "2"
         BundleIdentifier = "com.apple.carousel"
         RemotePath = "/HLTT">
         <BuildableReference
            BuildableIdentifier = "primary"
            BlueprintIdentifier = "C3894E021E912FAB00C6FCE2"
            BuildableName = "HLTT.app"
            BlueprintName = "HLTT"
            ReferencedContainer = "container:HoelangTotTrein2.xcodeproj">
         </BuildableReference>
      </RemoteRunnable>
      <MacroExpansion>
         <BuildableReference
            BuildableIdentifier = "primary"
            BlueprintIdentifier = "C3894E021E912FAB00C6FCE2"
            BuildableName = "HLTT.app"
            BlueprintName = "HLTT"
            ReferencedContainer = "container:HoelangTotTrein2.xcodeproj">
         </BuildableReference>
      </MacroExpansion>
   </ProfileAction>
   <AnalyzeAction
      buildConfiguration = "Debug">
   </AnalyzeAction>
   <ArchiveAction
      buildConfiguration = "Release"
      revealArchiveInOrganizer = "YES">
   </ArchiveAction>
</Scheme>
