{
  "object": {
    "pins": [
      {
        "package": "Alamofire",
        "repositoryURL": "https://github.com/Alamofire/Alamofire.git",
        "state": {
          "branch": null,
          "revision": "becd9a729a37bdbef5bc39dc3c702b99f9e3d046",
          "version": "5.2.2"
        }
      },
      {
        "package": "Bindable",
        "repositoryURL": "https://github.com/Q42/Bindable.git",
        "state": {
          "branch": null,
          "revision": "06c98c021f6f8d6c7545bc9030c02ab4937abd21",
          "version": "0.8.1"
        }
      },
      {
        "package": "Promissum",
        "repositoryURL": "https://github.com/tomlokhorst/Promissum",
        "state": {
          "branch": null,
          "revision": "143ec366cd4468446a7db4a56381767fcdbb383d",
          "version": "5.0.1"
        }
      },
      {
        "package": "R.swift.Library",
        "repositoryURL": "https://github.com/mac-cain13/R.swift.Library",
        "state": {
          "branch": null,
          "revision": "5a54805e3d08077e46edb2274ff27b20b700f568",
          "version": "5.2.0"
        }
      },
      {
        "package": "Statham",
        "repositoryURL": "https://github.com/tomlokhorst/Statham.git",
        "state": {
          "branch": null,
          "revision": "e0575978d3f28e81569f374ad2c835b8fc9edf73",
          "version": "2.1.0"
        }
      },
      {
        "package": "CancellationToken",
        "repositoryURL": "https://github.com/tomlokhorst/swift-cancellationtoken",
        "state": {
          "branch": null,
          "revision": "5356a8c2c1dffd202878d724ddbfbc42d31e0be7",
          "version": "3.2.0"
        }
      }
    ]
  },
  "version": 1
}
