{
  "object": {
    "pins": [
      {
        "package": "Bindable",
        "repositoryURL": "https://github.com/Q42/Bindable.git",
        "state": {
          "branch": null,
          "revision": "4c1e861fabe90e5c587d077a06cdbd6b616f3653",
          "version": "0.7.0"
        }
      },
      {
        "package": "Promissum",
        "repositoryURL": "https://github.com/tomlokhorst/Promissum",
        "state": {
          "branch": null,
          "revision": "59e243264ff5277ab7735848076b3e906cfc3b84",
          "version": "4.0.0"
        }
      },
      {
        "package": "R.swift.Library",
        "repositoryURL": "https://github.com/mac-cain13/R.swift.Library",
        "state": {
          "branch": "master",
          "revision": "3365947d725398694d6ed49f2e6622f05ca3fc0f",
          "version": null
        }
      },
      {
        "package": "CancellationToken",
        "repositoryURL": "https://github.com/tomlokhorst/swift-cancellationtoken",
        "state": {
          "branch": null,
          "revision": "5356a8c2c1dffd202878d724ddbfbc42d31e0be7",
          "version": "3.2.0"
        }
      }
    ]
  },
  "version": 1
}
