// !$*UTF8*$!
{
	archiveVersion = 1;
	classes = {
	};
	objectVersion = 46;
	objects = {

/* Begin PBXBuildFile section */
		0432576E97ADEEB9DF25C30D /* Pods.framework in Frameworks */ = {isa = PBXBuildFile; fileRef = 5CC68A4CC5E6349314E4274F /* Pods.framework */; };
		C329C3921C86C5AD00F93CA5 /* GeofenceTests.swift in Sources */ = {isa = PBXBuildFile; fileRef = C329C3911C86C5AD00F93CA5 /* GeofenceTests.swift */; };
		C32D78BA1BDEC4D300603805 /* SuccessResponse.swift in Sources */ = {isa = PBXBuildFile; fileRef = C32D78B91BDEC4D300603805 /* SuccessResponse.swift */; };
		C32D78BC1BDEC5DA00603805 /* SuccessResponse+JsonGen.swift in Sources */ = {isa = PBXBuildFile; fileRef = C32D78BB1BDEC5DA00603805 /* SuccessResponse+JsonGen.swift */; };
		C32D78BE1BDEC98C00603805 /* R.generated.swift in Sources */ = {isa = PBXBuildFile; fileRef = C32D78BD1BDEC98C00603805 /* R.generated.swift */; };
		C352D2D11C53C8E20066D01C /* bg.png in Resources */ = {isa = PBXBuildFile; fileRef = C352D2D01C53C8E20066D01C /* bg.png */; };
		C352D2D31C53DCE50066D01C /* Array+Extensions.swift in Sources */ = {isa = PBXBuildFile; fileRef = C352D2D21C53DCE50066D01C /* Array+Extensions.swift */; };
		C3A47C341BBEF05D00A3CDA8 /* History+CoreDataProperties.swift in Sources */ = {isa = PBXBuildFile; fileRef = C3A47C321BBEF05D00A3CDA8 /* History+CoreDataProperties.swift */; };
		C3A47C351BBEF05D00A3CDA8 /* History.swift in Sources */ = {isa = PBXBuildFile; fileRef = C3A47C331BBEF05D00A3CDA8 /* History.swift */; };
		C3A47C371BBEF48C00A3CDA8 /* Station+Services.swift in Sources */ = {isa = PBXBuildFile; fileRef = C3A47C361BBEF48C00A3CDA8 /* Station+Services.swift */; };
		C3A47C391BBFEA0B00A3CDA8 /* NSIndexPath+Offset.swift in Sources */ = {isa = PBXBuildFile; fileRef = C3A47C381BBFEA0B00A3CDA8 /* NSIndexPath+Offset.swift */; };
		C3A47C3B1BBFFA1500A3CDA8 /* LocationService.swift in Sources */ = {isa = PBXBuildFile; fileRef = C3A47C3A1BBFFA1500A3CDA8 /* LocationService.swift */; };
		C3A47C3D1BC0058000A3CDA8 /* CLCircularRegion+Bounds.swift in Sources */ = {isa = PBXBuildFile; fileRef = C3A47C3C1BC0058000A3CDA8 /* CLCircularRegion+Bounds.swift */; };
		C3C26C081C5527D600197471 /* GeofenceService.swift in Sources */ = {isa = PBXBuildFile; fileRef = C3C26C071C5527D600197471 /* GeofenceService.swift */; };
		C3C26C0A1C552B3A00197471 /* Den Haag HS.gpx in Resources */ = {isa = PBXBuildFile; fileRef = C3C26C091C552B3A00197471 /* Den Haag HS.gpx */; };
		C3C26C0C1C552B4300197471 /* Koog aan de Zaan.gpx in Resources */ = {isa = PBXBuildFile; fileRef = C3C26C0B1C552B4300197471 /* Koog aan de Zaan.gpx */; };
		C3C26C0E1C552B4A00197471 /* sloterdijk.gpx in Resources */ = {isa = PBXBuildFile; fileRef = C3C26C0D1C552B4A00197471 /* sloterdijk.gpx */; };
		C3C26C121C5531E000197471 /* GeofenceModel.swift in Sources */ = {isa = PBXBuildFile; fileRef = C3C26C111C5531E000197471 /* GeofenceModel.swift */; };
		C3C26C141C55321600197471 /* GeofenceModel+JsonGen.swift in Sources */ = {isa = PBXBuildFile; fileRef = C3C26C131C55321600197471 /* GeofenceModel+JsonGen.swift */; };
		C3C26C161C5556C100197471 /* NotificationService.swift in Sources */ = {isa = PBXBuildFile; fileRef = C3C26C151C5556C100197471 /* NotificationService.swift */; };
		C3CEB9171C53A76F00C6FBFF /* JsonGen+Alamofire.swift in Sources */ = {isa = PBXBuildFile; fileRef = C3CEB9161C53A76F00C6FBFF /* JsonGen+Alamofire.swift */; };
		C3CEB91B1C53A87700C6FBFF /* ErrorJson.swift in Sources */ = {isa = PBXBuildFile; fileRef = C3CEB91A1C53A87700C6FBFF /* ErrorJson.swift */; };
		C3CEB91D1C53AB0600C6FBFF /* ErrorJson+JsonGen.swift in Sources */ = {isa = PBXBuildFile; fileRef = C3CEB91C1C53AB0600C6FBFF /* ErrorJson+JsonGen.swift */; };
		C3CEB91F1C53B60000C6FBFF /* Advice+Services.swift in Sources */ = {isa = PBXBuildFile; fileRef = C3CEB91E1C53B60000C6FBFF /* Advice+Services.swift */; };
		C3E847531BB82A01007D17C3 /* AppDelegate.swift in Sources */ = {isa = PBXBuildFile; fileRef = C3E847521BB82A01007D17C3 /* AppDelegate.swift */; };
		C3E847551BB82A01007D17C3 /* TickerViewController.swift in Sources */ = {isa = PBXBuildFile; fileRef = C3E847541BB82A01007D17C3 /* TickerViewController.swift */; };
		C3E847581BB82A01007D17C3 /* Main.storyboard in Resources */ = {isa = PBXBuildFile; fileRef = C3E847561BB82A01007D17C3 /* Main.storyboard */; };
		C3E8475B1BB82A01007D17C3 /* HoelangTotTrein2.xcdatamodeld in Sources */ = {isa = PBXBuildFile; fileRef = C3E847591BB82A01007D17C3 /* HoelangTotTrein2.xcdatamodeld */; };
		C3E8475D1BB82A01007D17C3 /* Assets.xcassets in Resources */ = {isa = PBXBuildFile; fileRef = C3E8475C1BB82A01007D17C3 /* Assets.xcassets */; };
		C3E847601BB82A01007D17C3 /* LaunchScreen.storyboard in Resources */ = {isa = PBXBuildFile; fileRef = C3E8475E1BB82A01007D17C3 /* LaunchScreen.storyboard */; };
		C3E8476B1BB82A01007D17C3 /* HoelangTotTrein2Tests.swift in Sources */ = {isa = PBXBuildFile; fileRef = C3E8476A1BB82A01007D17C3 /* HoelangTotTrein2Tests.swift */; };
		C3E847761BB82A01007D17C3 /* HoelangTotTrein2UITests.swift in Sources */ = {isa = PBXBuildFile; fileRef = C3E847751BB82A01007D17C3 /* HoelangTotTrein2UITests.swift */; };
		C3E847841BB82B82007D17C3 /* Observable.swift in Sources */ = {isa = PBXBuildFile; fileRef = C3E847831BB82B82007D17C3 /* Observable.swift */; };
		C3E8478E1BB8312A007D17C3 /* ApiService.swift in Sources */ = {isa = PBXBuildFile; fileRef = C3E8478D1BB8312A007D17C3 /* ApiService.swift */; };
		C3E847901BB832E6007D17C3 /* TravelService.swift in Sources */ = {isa = PBXBuildFile; fileRef = C3E8478F1BB832E6007D17C3 /* TravelService.swift */; };
		C3E847921BB836A5007D17C3 /* App.swift in Sources */ = {isa = PBXBuildFile; fileRef = C3E847911BB836A5007D17C3 /* App.swift */; };
		C3E847941BB83A94007D17C3 /* LogService.swift in Sources */ = {isa = PBXBuildFile; fileRef = C3E847931BB83A94007D17C3 /* LogService.swift */; };
		C3E847961BB83AF7007D17C3 /* NetworkActivityManagerService.swift in Sources */ = {isa = PBXBuildFile; fileRef = C3E847951BB83AF7007D17C3 /* NetworkActivityManagerService.swift */; };
		C3E847981BB83B9B007D17C3 /* JsonGen.swift in Sources */ = {isa = PBXBuildFile; fileRef = C3E847971BB83B9B007D17C3 /* JsonGen.swift */; };
		C3E8479A1BB83BC6007D17C3 /* Advice.swift in Sources */ = {isa = PBXBuildFile; fileRef = C3E847991BB83BC6007D17C3 /* Advice.swift */; };
		C3E8479C1BB83BCE007D17C3 /* Station.swift in Sources */ = {isa = PBXBuildFile; fileRef = C3E8479B1BB83BCE007D17C3 /* Station.swift */; };
		C3E847A01BB83C4F007D17C3 /* Advice+JsonGen.swift in Sources */ = {isa = PBXBuildFile; fileRef = C3E8479E1BB83C4F007D17C3 /* Advice+JsonGen.swift */; };
		C3E847A11BB83C4F007D17C3 /* Station+JsonGen.swift in Sources */ = {isa = PBXBuildFile; fileRef = C3E8479F1BB83C4F007D17C3 /* Station+JsonGen.swift */; };
		C3E847A31BB840E5007D17C3 /* Promissium+Threading.swift in Sources */ = {isa = PBXBuildFile; fileRef = C3E847A21BB840E5007D17C3 /* Promissium+Threading.swift */; };
		C3E847A61BB8447B007D17C3 /* StorageAttachment.swift in Sources */ = {isa = PBXBuildFile; fileRef = C3E847A51BB8447B007D17C3 /* StorageAttachment.swift */; };
		C3E847A91BB846FC007D17C3 /* StationRecord+CoreDataProperties.swift in Sources */ = {isa = PBXBuildFile; fileRef = C3E847A71BB846FC007D17C3 /* StationRecord+CoreDataProperties.swift */; };
		C3E847AA1BB846FC007D17C3 /* StationRecord.swift in Sources */ = {isa = PBXBuildFile; fileRef = C3E847A81BB846FC007D17C3 /* StationRecord.swift */; };
		C3E847AD1BB84E55007D17C3 /* NSUserDefaults+HLTT.swift in Sources */ = {isa = PBXBuildFile; fileRef = C3E847AC1BB84E55007D17C3 /* NSUserDefaults+HLTT.swift */; };
		C3E847B31BB855AA007D17C3 /* SegueManagerController.swift in Sources */ = {isa = PBXBuildFile; fileRef = C3E847B21BB855AA007D17C3 /* SegueManagerController.swift */; };
		C3E847B51BB85608007D17C3 /* ViewController.swift in Sources */ = {isa = PBXBuildFile; fileRef = C3E847B41BB85608007D17C3 /* ViewController.swift */; };
		C3E847B71BB8575E007D17C3 /* PickerViewController.swift in Sources */ = {isa = PBXBuildFile; fileRef = C3E847B61BB8575E007D17C3 /* PickerViewController.swift */; };
		C3E847B91BB8577F007D17C3 /* TableViewController.swift in Sources */ = {isa = PBXBuildFile; fileRef = C3E847B81BB8577F007D17C3 /* TableViewController.swift */; };
		C3E847BB1BB85EBF007D17C3 /* PickerTableView.swift in Sources */ = {isa = PBXBuildFile; fileRef = C3E847BA1BB85EBF007D17C3 /* PickerTableView.swift */; };
		C3E847BD1BB86058007D17C3 /* StationCell.swift in Sources */ = {isa = PBXBuildFile; fileRef = C3E847BC1BB86058007D17C3 /* StationCell.swift */; };
		C3E847BF1BB86460007D17C3 /* StationFetchedResultControllerDelegate.swift in Sources */ = {isa = PBXBuildFile; fileRef = C3E847BE1BB86460007D17C3 /* StationFetchedResultControllerDelegate.swift */; };
		C3E847C11BB86632007D17C3 /* NSFetchedResultsController+Extensions.swift in Sources */ = {isa = PBXBuildFile; fileRef = C3E847C01BB86632007D17C3 /* NSFetchedResultsController+Extensions.swift */; };
		C3F2BCB41C7CF91000DB3DA0 /* NOI.gpx in Resources */ = {isa = PBXBuildFile; fileRef = C3F2BCB31C7CF91000DB3DA0 /* NOI.gpx */; };
		C3F8AF0B1C5564ED009B9C91 /* Zaandam.gpx in Resources */ = {isa = PBXBuildFile; fileRef = C3F8AF0A1C5564ED009B9C91 /* Zaandam.gpx */; };
		C3F8AF0D1C55653A009B9C91 /* Hoofddorp.gpx in Resources */ = {isa = PBXBuildFile; fileRef = C3F8AF0C1C55653A009B9C91 /* Hoofddorp.gpx */; };
/* End PBXBuildFile section */

/* Begin PBXContainerItemProxy section */
		C329C3931C86C95B00F93CA5 /* PBXContainerItemProxy */ = {
			isa = PBXContainerItemProxy;
			containerPortal = C3E847471BB82A01007D17C3 /* Project object */;
			proxyType = 1;
			remoteGlobalIDString = C3E8474E1BB82A01007D17C3;
			remoteInfo = HoelangTotTrein2;
		};
		C3E847721BB82A01007D17C3 /* PBXContainerItemProxy */ = {
			isa = PBXContainerItemProxy;
			containerPortal = C3E847471BB82A01007D17C3 /* Project object */;
			proxyType = 1;
			remoteGlobalIDString = C3E8474E1BB82A01007D17C3;
			remoteInfo = HoelangTotTrein2;
		};
/* End PBXContainerItemProxy section */

/* Begin PBXFileReference section */
		31C7FB5B6D66A5D616037600 /* Pods.debug.xcconfig */ = {isa = PBXFileReference; includeInIndex = 1; lastKnownFileType = text.xcconfig; name = Pods.debug.xcconfig; path = "Pods/Target Support Files/Pods/Pods.debug.xcconfig"; sourceTree = "<group>"; };
		5CC68A4CC5E6349314E4274F /* Pods.framework */ = {isa = PBXFileReference; explicitFileType = wrapper.framework; includeInIndex = 0; path = Pods.framework; sourceTree = BUILT_PRODUCTS_DIR; };
		C329C3911C86C5AD00F93CA5 /* GeofenceTests.swift */ = {isa = PBXFileReference; fileEncoding = 4; lastKnownFileType = sourcecode.swift; path = GeofenceTests.swift; sourceTree = "<group>"; };
		C32D78B91BDEC4D300603805 /* SuccessResponse.swift */ = {isa = PBXFileReference; fileEncoding = 4; lastKnownFileType = sourcecode.swift; name = SuccessResponse.swift; path = Json/SuccessResponse.swift; sourceTree = "<group>"; };
		C32D78BB1BDEC5DA00603805 /* SuccessResponse+JsonGen.swift */ = {isa = PBXFileReference; fileEncoding = 4; lastKnownFileType = sourcecode.swift; name = "SuccessResponse+JsonGen.swift"; path = "Json/SuccessResponse+JsonGen.swift"; sourceTree = "<group>"; };
		C32D78BD1BDEC98C00603805 /* R.generated.swift */ = {isa = PBXFileReference; fileEncoding = 4; lastKnownFileType = sourcecode.swift; path = R.generated.swift; sourceTree = SOURCE_ROOT; };
		C352D2D01C53C8E20066D01C /* bg.png */ = {isa = PBXFileReference; lastKnownFileType = image.png; path = bg.png; sourceTree = "<group>"; };
		C352D2D21C53DCE50066D01C /* Array+Extensions.swift */ = {isa = PBXFileReference; fileEncoding = 4; lastKnownFileType = sourcecode.swift; path = "Array+Extensions.swift"; sourceTree = "<group>"; };
		C3A47C321BBEF05D00A3CDA8 /* History+CoreDataProperties.swift */ = {isa = PBXFileReference; fileEncoding = 4; lastKnownFileType = sourcecode.swift; path = "History+CoreDataProperties.swift"; sourceTree = "<group>"; };
		C3A47C331BBEF05D00A3CDA8 /* History.swift */ = {isa = PBXFileReference; fileEncoding = 4; lastKnownFileType = sourcecode.swift; path = History.swift; sourceTree = "<group>"; };
		C3A47C361BBEF48C00A3CDA8 /* Station+Services.swift */ = {isa = PBXFileReference; fileEncoding = 4; lastKnownFileType = sourcecode.swift; path = "Station+Services.swift"; sourceTree = "<group>"; };
		C3A47C381BBFEA0B00A3CDA8 /* NSIndexPath+Offset.swift */ = {isa = PBXFileReference; fileEncoding = 4; lastKnownFileType = sourcecode.swift; path = "NSIndexPath+Offset.swift"; sourceTree = "<group>"; };
		C3A47C3A1BBFFA1500A3CDA8 /* LocationService.swift */ = {isa = PBXFileReference; fileEncoding = 4; lastKnownFileType = sourcecode.swift; path = LocationService.swift; sourceTree = "<group>"; };
		C3A47C3C1BC0058000A3CDA8 /* CLCircularRegion+Bounds.swift */ = {isa = PBXFileReference; fileEncoding = 4; lastKnownFileType = sourcecode.swift; path = "CLCircularRegion+Bounds.swift"; sourceTree = "<group>"; };
		C3C26C071C5527D600197471 /* GeofenceService.swift */ = {isa = PBXFileReference; fileEncoding = 4; lastKnownFileType = sourcecode.swift; path = GeofenceService.swift; sourceTree = "<group>"; };
		C3C26C091C552B3A00197471 /* Den Haag HS.gpx */ = {isa = PBXFileReference; fileEncoding = 4; lastKnownFileType = text.xml; path = "Den Haag HS.gpx"; sourceTree = "<group>"; };
		C3C26C0B1C552B4300197471 /* Koog aan de Zaan.gpx */ = {isa = PBXFileReference; fileEncoding = 4; lastKnownFileType = text.xml; path = "Koog aan de Zaan.gpx"; sourceTree = "<group>"; };
		C3C26C0D1C552B4A00197471 /* sloterdijk.gpx */ = {isa = PBXFileReference; fileEncoding = 4; lastKnownFileType = text.xml; path = sloterdijk.gpx; sourceTree = "<group>"; };
		C3C26C111C5531E000197471 /* GeofenceModel.swift */ = {isa = PBXFileReference; fileEncoding = 4; lastKnownFileType = sourcecode.swift; name = GeofenceModel.swift; path = Json/GeofenceModel.swift; sourceTree = "<group>"; };
		C3C26C131C55321600197471 /* GeofenceModel+JsonGen.swift */ = {isa = PBXFileReference; fileEncoding = 4; lastKnownFileType = sourcecode.swift; name = "GeofenceModel+JsonGen.swift"; path = "Json/GeofenceModel+JsonGen.swift"; sourceTree = "<group>"; };
		C3C26C151C5556C100197471 /* NotificationService.swift */ = {isa = PBXFileReference; fileEncoding = 4; lastKnownFileType = sourcecode.swift; path = NotificationService.swift; sourceTree = "<group>"; };
		C3CEB9161C53A76F00C6FBFF /* JsonGen+Alamofire.swift */ = {isa = PBXFileReference; fileEncoding = 4; lastKnownFileType = sourcecode.swift; path = "JsonGen+Alamofire.swift"; sourceTree = "<group>"; };
		C3CEB91A1C53A87700C6FBFF /* ErrorJson.swift */ = {isa = PBXFileReference; fileEncoding = 4; lastKnownFileType = sourcecode.swift; name = ErrorJson.swift; path = Json/ErrorJson.swift; sourceTree = "<group>"; };
		C3CEB91C1C53AB0600C6FBFF /* ErrorJson+JsonGen.swift */ = {isa = PBXFileReference; fileEncoding = 4; lastKnownFileType = sourcecode.swift; name = "ErrorJson+JsonGen.swift"; path = "Json/ErrorJson+JsonGen.swift"; sourceTree = "<group>"; };
		C3CEB91E1C53B60000C6FBFF /* Advice+Services.swift */ = {isa = PBXFileReference; fileEncoding = 4; lastKnownFileType = sourcecode.swift; path = "Advice+Services.swift"; sourceTree = "<group>"; };
		C3CEB9261C556EBC00C6FBFF /* HoelangToTrein-Bridging-Header.h */ = {isa = PBXFileReference; lastKnownFileType = sourcecode.c.h; name = "HoelangToTrein-Bridging-Header.h"; path = "../HoelangToTrein-Bridging-Header.h"; sourceTree = "<group>"; };
		C3E8474F1BB82A01007D17C3 /* HLTT.app */ = {isa = PBXFileReference; explicitFileType = wrapper.application; includeInIndex = 0; path = HLTT.app; sourceTree = BUILT_PRODUCTS_DIR; };
		C3E847521BB82A01007D17C3 /* AppDelegate.swift */ = {isa = PBXFileReference; lastKnownFileType = sourcecode.swift; path = AppDelegate.swift; sourceTree = "<group>"; };
		C3E847541BB82A01007D17C3 /* TickerViewController.swift */ = {isa = PBXFileReference; lastKnownFileType = sourcecode.swift; path = TickerViewController.swift; sourceTree = "<group>"; };
		C3E847571BB82A01007D17C3 /* Base */ = {isa = PBXFileReference; lastKnownFileType = file.storyboard; name = Base; path = Base.lproj/Main.storyboard; sourceTree = "<group>"; };
		C3E8475A1BB82A01007D17C3 /* HoelangTotTrein2.xcdatamodel */ = {isa = PBXFileReference; lastKnownFileType = wrapper.xcdatamodel; path = HoelangTotTrein2.xcdatamodel; sourceTree = "<group>"; };
		C3E8475C1BB82A01007D17C3 /* Assets.xcassets */ = {isa = PBXFileReference; lastKnownFileType = folder.assetcatalog; path = Assets.xcassets; sourceTree = "<group>"; };
		C3E8475F1BB82A01007D17C3 /* Base */ = {isa = PBXFileReference; lastKnownFileType = file.storyboard; name = Base; path = Base.lproj/LaunchScreen.storyboard; sourceTree = "<group>"; };
		C3E847611BB82A01007D17C3 /* Info.plist */ = {isa = PBXFileReference; lastKnownFileType = text.plist.xml; path = Info.plist; sourceTree = "<group>"; };
		C3E847661BB82A01007D17C3 /* HoelangTotTrein2Tests.xctest */ = {isa = PBXFileReference; explicitFileType = wrapper.cfbundle; includeInIndex = 0; path = HoelangTotTrein2Tests.xctest; sourceTree = BUILT_PRODUCTS_DIR; };
		C3E8476A1BB82A01007D17C3 /* HoelangTotTrein2Tests.swift */ = {isa = PBXFileReference; lastKnownFileType = sourcecode.swift; path = HoelangTotTrein2Tests.swift; sourceTree = "<group>"; };
		C3E8476C1BB82A01007D17C3 /* Info.plist */ = {isa = PBXFileReference; lastKnownFileType = text.plist.xml; path = Info.plist; sourceTree = "<group>"; };
		C3E847711BB82A01007D17C3 /* HoelangTotTrein2UITests.xctest */ = {isa = PBXFileReference; explicitFileType = wrapper.cfbundle; includeInIndex = 0; path = HoelangTotTrein2UITests.xctest; sourceTree = BUILT_PRODUCTS_DIR; };
		C3E847751BB82A01007D17C3 /* HoelangTotTrein2UITests.swift */ = {isa = PBXFileReference; lastKnownFileType = sourcecode.swift; path = HoelangTotTrein2UITests.swift; sourceTree = "<group>"; };
		C3E847771BB82A01007D17C3 /* Info.plist */ = {isa = PBXFileReference; lastKnownFileType = text.plist.xml; path = Info.plist; sourceTree = "<group>"; };
		C3E847831BB82B82007D17C3 /* Observable.swift */ = {isa = PBXFileReference; fileEncoding = 4; lastKnownFileType = sourcecode.swift; path = Observable.swift; sourceTree = "<group>"; };
		C3E8478D1BB8312A007D17C3 /* ApiService.swift */ = {isa = PBXFileReference; fileEncoding = 4; lastKnownFileType = sourcecode.swift; path = ApiService.swift; sourceTree = "<group>"; };
		C3E8478F1BB832E6007D17C3 /* TravelService.swift */ = {isa = PBXFileReference; fileEncoding = 4; lastKnownFileType = sourcecode.swift; path = TravelService.swift; sourceTree = "<group>"; };
		C3E847911BB836A5007D17C3 /* App.swift */ = {isa = PBXFileReference; fileEncoding = 4; lastKnownFileType = sourcecode.swift; path = App.swift; sourceTree = "<group>"; };
		C3E847931BB83A94007D17C3 /* LogService.swift */ = {isa = PBXFileReference; fileEncoding = 4; lastKnownFileType = sourcecode.swift; path = LogService.swift; sourceTree = "<group>"; };
		C3E847951BB83AF7007D17C3 /* NetworkActivityManagerService.swift */ = {isa = PBXFileReference; fileEncoding = 4; lastKnownFileType = sourcecode.swift; path = NetworkActivityManagerService.swift; sourceTree = "<group>"; };
		C3E847971BB83B9B007D17C3 /* JsonGen.swift */ = {isa = PBXFileReference; fileEncoding = 4; lastKnownFileType = sourcecode.swift; path = JsonGen.swift; sourceTree = "<group>"; };
		C3E847991BB83BC6007D17C3 /* Advice.swift */ = {isa = PBXFileReference; fileEncoding = 4; lastKnownFileType = sourcecode.swift; name = Advice.swift; path = Json/Advice.swift; sourceTree = "<group>"; };
		C3E8479B1BB83BCE007D17C3 /* Station.swift */ = {isa = PBXFileReference; fileEncoding = 4; lastKnownFileType = sourcecode.swift; name = Station.swift; path = Json/Station.swift; sourceTree = "<group>"; };
		C3E8479E1BB83C4F007D17C3 /* Advice+JsonGen.swift */ = {isa = PBXFileReference; fileEncoding = 4; lastKnownFileType = sourcecode.swift; name = "Advice+JsonGen.swift"; path = "Json/Advice+JsonGen.swift"; sourceTree = "<group>"; };
		C3E8479F1BB83C4F007D17C3 /* Station+JsonGen.swift */ = {isa = PBXFileReference; fileEncoding = 4; lastKnownFileType = sourcecode.swift; name = "Station+JsonGen.swift"; path = "Json/Station+JsonGen.swift"; sourceTree = "<group>"; };
		C3E847A21BB840E5007D17C3 /* Promissium+Threading.swift */ = {isa = PBXFileReference; fileEncoding = 4; lastKnownFileType = sourcecode.swift; path = "Promissium+Threading.swift"; sourceTree = "<group>"; };
		C3E847A51BB8447B007D17C3 /* StorageAttachment.swift */ = {isa = PBXFileReference; fileEncoding = 4; lastKnownFileType = sourcecode.swift; path = StorageAttachment.swift; sourceTree = "<group>"; };
		C3E847A71BB846FC007D17C3 /* StationRecord+CoreDataProperties.swift */ = {isa = PBXFileReference; fileEncoding = 4; lastKnownFileType = sourcecode.swift; path = "StationRecord+CoreDataProperties.swift"; sourceTree = "<group>"; };
		C3E847A81BB846FC007D17C3 /* StationRecord.swift */ = {isa = PBXFileReference; fileEncoding = 4; lastKnownFileType = sourcecode.swift; path = StationRecord.swift; sourceTree = "<group>"; };
		C3E847AC1BB84E55007D17C3 /* NSUserDefaults+HLTT.swift */ = {isa = PBXFileReference; fileEncoding = 4; lastKnownFileType = sourcecode.swift; path = "NSUserDefaults+HLTT.swift"; sourceTree = "<group>"; };
		C3E847B21BB855AA007D17C3 /* SegueManagerController.swift */ = {isa = PBXFileReference; fileEncoding = 4; lastKnownFileType = sourcecode.swift; path = SegueManagerController.swift; sourceTree = "<group>"; };
		C3E847B41BB85608007D17C3 /* ViewController.swift */ = {isa = PBXFileReference; fileEncoding = 4; lastKnownFileType = sourcecode.swift; path = ViewController.swift; sourceTree = "<group>"; };
		C3E847B61BB8575E007D17C3 /* PickerViewController.swift */ = {isa = PBXFileReference; fileEncoding = 4; lastKnownFileType = sourcecode.swift; path = PickerViewController.swift; sourceTree = "<group>"; };
		C3E847B81BB8577F007D17C3 /* TableViewController.swift */ = {isa = PBXFileReference; fileEncoding = 4; lastKnownFileType = sourcecode.swift; path = TableViewController.swift; sourceTree = "<group>"; };
		C3E847BA1BB85EBF007D17C3 /* PickerTableView.swift */ = {isa = PBXFileReference; fileEncoding = 4; lastKnownFileType = sourcecode.swift; path = PickerTableView.swift; sourceTree = "<group>"; };
		C3E847BC1BB86058007D17C3 /* StationCell.swift */ = {isa = PBXFileReference; fileEncoding = 4; lastKnownFileType = sourcecode.swift; path = StationCell.swift; sourceTree = "<group>"; };
		C3E847BE1BB86460007D17C3 /* StationFetchedResultControllerDelegate.swift */ = {isa = PBXFileReference; fileEncoding = 4; lastKnownFileType = sourcecode.swift; path = StationFetchedResultControllerDelegate.swift; sourceTree = "<group>"; };
		C3E847C01BB86632007D17C3 /* NSFetchedResultsController+Extensions.swift */ = {isa = PBXFileReference; fileEncoding = 4; lastKnownFileType = sourcecode.swift; path = "NSFetchedResultsController+Extensions.swift"; sourceTree = "<group>"; };
		C3F2BCB31C7CF91000DB3DA0 /* NOI.gpx */ = {isa = PBXFileReference; fileEncoding = 4; lastKnownFileType = text.xml; path = NOI.gpx; sourceTree = "<group>"; };
		C3F8AF0A1C5564ED009B9C91 /* Zaandam.gpx */ = {isa = PBXFileReference; fileEncoding = 4; lastKnownFileType = text.xml; path = Zaandam.gpx; sourceTree = "<group>"; };
		C3F8AF0C1C55653A009B9C91 /* Hoofddorp.gpx */ = {isa = PBXFileReference; fileEncoding = 4; lastKnownFileType = text.xml; path = Hoofddorp.gpx; sourceTree = "<group>"; };
		D6EF40B07AFBFB6745292115 /* Pods.release.xcconfig */ = {isa = PBXFileReference; includeInIndex = 1; lastKnownFileType = text.xcconfig; name = Pods.release.xcconfig; path = "Pods/Target Support Files/Pods/Pods.release.xcconfig"; sourceTree = "<group>"; };
/* End PBXFileReference section */

/* Begin PBXFrameworksBuildPhase section */
		C3E8474C1BB82A01007D17C3 /* Frameworks */ = {
			isa = PBXFrameworksBuildPhase;
			buildActionMask = 2147483647;
			files = (
				0432576E97ADEEB9DF25C30D /* Pods.framework in Frameworks */,
			);
			runOnlyForDeploymentPostprocessing = 0;
		};
		C3E847631BB82A01007D17C3 /* Frameworks */ = {
			isa = PBXFrameworksBuildPhase;
			buildActionMask = 2147483647;
			files = (
			);
			runOnlyForDeploymentPostprocessing = 0;
		};
		C3E8476E1BB82A01007D17C3 /* Frameworks */ = {
			isa = PBXFrameworksBuildPhase;
			buildActionMask = 2147483647;
			files = (
			);
			runOnlyForDeploymentPostprocessing = 0;
		};
/* End PBXFrameworksBuildPhase section */

/* Begin PBXGroup section */
		09A521EB6C856AE8207FF398 /* Frameworks */ = {
			isa = PBXGroup;
			children = (
				5CC68A4CC5E6349314E4274F /* Pods.framework */,
			);
			name = Frameworks;
			sourceTree = "<group>";
		};
		C3E847461BB82A01007D17C3 = {
			isa = PBXGroup;
			children = (
				C3E847511BB82A01007D17C3 /* HoelangTotTrein2 */,
				C3E847691BB82A01007D17C3 /* HoelangTotTrein2Tests */,
				C3E847741BB82A01007D17C3 /* HoelangTotTrein2UITests */,
				C3E847501BB82A01007D17C3 /* Products */,
				D0C057901F604CFCDFB4FDA7 /* Pods */,
				09A521EB6C856AE8207FF398 /* Frameworks */,
			);
			sourceTree = "<group>";
		};
		C3E847501BB82A01007D17C3 /* Products */ = {
			isa = PBXGroup;
			children = (
				C3E8474F1BB82A01007D17C3 /* HLTT.app */,
				C3E847661BB82A01007D17C3 /* HoelangTotTrein2Tests.xctest */,
				C3E847711BB82A01007D17C3 /* HoelangTotTrein2UITests.xctest */,
			);
			name = Products;
			sourceTree = "<group>";
		};
		C3E847511BB82A01007D17C3 /* HoelangTotTrein2 */ = {
			isa = PBXGroup;
			children = (
				C3E847851BB82B87007D17C3 /* Helpers */,
				C3E847521BB82A01007D17C3 /* AppDelegate.swift */,
				C3E847BA1BB85EBF007D17C3 /* PickerTableView.swift */,
				C3E847BC1BB86058007D17C3 /* StationCell.swift */,
				C3E847541BB82A01007D17C3 /* TickerViewController.swift */,
				C3E847B61BB8575E007D17C3 /* PickerViewController.swift */,
				C3E847561BB82A01007D17C3 /* Main.storyboard */,
				C352D2D01C53C8E20066D01C /* bg.png */,
				C3E8475C1BB82A01007D17C3 /* Assets.xcassets */,
				C3E8475E1BB82A01007D17C3 /* LaunchScreen.storyboard */,
				C3E847611BB82A01007D17C3 /* Info.plist */,
				C3E847591BB82A01007D17C3 /* HoelangTotTrein2.xcdatamodeld */,
				C32D78BD1BDEC98C00603805 /* R.generated.swift */,
				C3F8AF0C1C55653A009B9C91 /* Hoofddorp.gpx */,
				C3F8AF0A1C5564ED009B9C91 /* Zaandam.gpx */,
				C3F2BCB31C7CF91000DB3DA0 /* NOI.gpx */,
				C3C26C091C552B3A00197471 /* Den Haag HS.gpx */,
				C3C26C0B1C552B4300197471 /* Koog aan de Zaan.gpx */,
				C3C26C0D1C552B4A00197471 /* sloterdijk.gpx */,
				C3CEB9261C556EBC00C6FBFF /* HoelangToTrein-Bridging-Header.h */,
			);
			path = HoelangTotTrein2;
			sourceTree = "<group>";
		};
		C3E847691BB82A01007D17C3 /* HoelangTotTrein2Tests */ = {
			isa = PBXGroup;
			children = (
				C3E8476A1BB82A01007D17C3 /* HoelangTotTrein2Tests.swift */,
				C3E8476C1BB82A01007D17C3 /* Info.plist */,
				C329C3911C86C5AD00F93CA5 /* GeofenceTests.swift */,
			);
			path = HoelangTotTrein2Tests;
			sourceTree = "<group>";
		};
		C3E847741BB82A01007D17C3 /* HoelangTotTrein2UITests */ = {
			isa = PBXGroup;
			children = (
				C3E847751BB82A01007D17C3 /* HoelangTotTrein2UITests.swift */,
				C3E847771BB82A01007D17C3 /* Info.plist */,
			);
			path = HoelangTotTrein2UITests;
			sourceTree = "<group>";
		};
		C3E847851BB82B87007D17C3 /* Helpers */ = {
			isa = PBXGroup;
			children = (
				C3E847B11BB85591007D17C3 /* Controllers */,
				C3E847A41BB840E9007D17C3 /* Extensions */,
				C3E847891BB82C0E007D17C3 /* Services */,
				C3E847861BB82B8D007D17C3 /* Observables */,
				C352D2D21C53DCE50066D01C /* Array+Extensions.swift */,
			);
			name = Helpers;
			sourceTree = "<group>";
		};
		C3E847861BB82B8D007D17C3 /* Observables */ = {
			isa = PBXGroup;
			children = (
				C3E847831BB82B82007D17C3 /* Observable.swift */,
			);
			name = Observables;
			sourceTree = "<group>";
		};
		C3E847891BB82C0E007D17C3 /* Services */ = {
			isa = PBXGroup;
			children = (
				C3E8478A1BB82C15007D17C3 /* Model */,
				C3E847911BB836A5007D17C3 /* App.swift */,
				C3E8478D1BB8312A007D17C3 /* ApiService.swift */,
				C3E8478F1BB832E6007D17C3 /* TravelService.swift */,
				C3E847931BB83A94007D17C3 /* LogService.swift */,
				C3E847951BB83AF7007D17C3 /* NetworkActivityManagerService.swift */,
				C3E847971BB83B9B007D17C3 /* JsonGen.swift */,
				C3CEB9161C53A76F00C6FBFF /* JsonGen+Alamofire.swift */,
				C3E847A51BB8447B007D17C3 /* StorageAttachment.swift */,
				C3A47C3A1BBFFA1500A3CDA8 /* LocationService.swift */,
				C3C26C071C5527D600197471 /* GeofenceService.swift */,
				C3C26C151C5556C100197471 /* NotificationService.swift */,
			);
			name = Services;
			sourceTree = "<group>";
		};
		C3E8478A1BB82C15007D17C3 /* Model */ = {
			isa = PBXGroup;
			children = (
				C3E847AB1BB84A87007D17C3 /* CoreData */,
				C3E8479D1BB83C45007D17C3 /* JsonGen */,
				C3E847991BB83BC6007D17C3 /* Advice.swift */,
				C3E8479B1BB83BCE007D17C3 /* Station.swift */,
				C3A47C361BBEF48C00A3CDA8 /* Station+Services.swift */,
				C32D78B91BDEC4D300603805 /* SuccessResponse.swift */,
				C3CEB91A1C53A87700C6FBFF /* ErrorJson.swift */,
				C3CEB91E1C53B60000C6FBFF /* Advice+Services.swift */,
				C3C26C111C5531E000197471 /* GeofenceModel.swift */,
			);
			name = Model;
			sourceTree = "<group>";
		};
		C3E8479D1BB83C45007D17C3 /* JsonGen */ = {
			isa = PBXGroup;
			children = (
				C3C26C131C55321600197471 /* GeofenceModel+JsonGen.swift */,
				C3CEB91C1C53AB0600C6FBFF /* ErrorJson+JsonGen.swift */,
				C3E8479E1BB83C4F007D17C3 /* Advice+JsonGen.swift */,
				C32D78BB1BDEC5DA00603805 /* SuccessResponse+JsonGen.swift */,
				C3E8479F1BB83C4F007D17C3 /* Station+JsonGen.swift */,
			);
			name = JsonGen;
			sourceTree = "<group>";
		};
		C3E847A41BB840E9007D17C3 /* Extensions */ = {
			isa = PBXGroup;
			children = (
				C3E847A21BB840E5007D17C3 /* Promissium+Threading.swift */,
				C3E847AC1BB84E55007D17C3 /* NSUserDefaults+HLTT.swift */,
				C3E847C01BB86632007D17C3 /* NSFetchedResultsController+Extensions.swift */,
				C3A47C381BBFEA0B00A3CDA8 /* NSIndexPath+Offset.swift */,
				C3A47C3C1BC0058000A3CDA8 /* CLCircularRegion+Bounds.swift */,
			);
			name = Extensions;
			sourceTree = "<group>";
		};
		C3E847AB1BB84A87007D17C3 /* CoreData */ = {
			isa = PBXGroup;
			children = (
				C3A47C321BBEF05D00A3CDA8 /* History+CoreDataProperties.swift */,
				C3A47C331BBEF05D00A3CDA8 /* History.swift */,
				C3E847A71BB846FC007D17C3 /* StationRecord+CoreDataProperties.swift */,
				C3E847A81BB846FC007D17C3 /* StationRecord.swift */,
			);
			name = CoreData;
			sourceTree = "<group>";
		};
		C3E847B11BB85591007D17C3 /* Controllers */ = {
			isa = PBXGroup;
			children = (
				C3E847B21BB855AA007D17C3 /* SegueManagerController.swift */,
				C3E847B41BB85608007D17C3 /* ViewController.swift */,
				C3E847B81BB8577F007D17C3 /* TableViewController.swift */,
				C3E847BE1BB86460007D17C3 /* StationFetchedResultControllerDelegate.swift */,
			);
			name = Controllers;
			sourceTree = "<group>";
		};
		D0C057901F604CFCDFB4FDA7 /* Pods */ = {
			isa = PBXGroup;
			children = (
				31C7FB5B6D66A5D616037600 /* Pods.debug.xcconfig */,
				D6EF40B07AFBFB6745292115 /* Pods.release.xcconfig */,
			);
			name = Pods;
			sourceTree = "<group>";
		};
/* End PBXGroup section */

/* Begin PBXNativeTarget section */
		C3E8474E1BB82A01007D17C3 /* HoelangTotTrein2 */ = {
			isa = PBXNativeTarget;
			buildConfigurationList = C3E8477A1BB82A01007D17C3 /* Build configuration list for PBXNativeTarget "HoelangTotTrein2" */;
			buildPhases = (
				2DAA6C0B4DDB104CC8182399 /* Check Pods Manifest.lock */,
				C3E847AE1BB85518007D17C3 /* ShellScript */,
				C3E8474B1BB82A01007D17C3 /* Sources */,
				C3E8474C1BB82A01007D17C3 /* Frameworks */,
				C3E8474D1BB82A01007D17C3 /* Resources */,
				C3F2BCB51C7CFCFE00DB3DA0 /* ShellScript */,
				A5AECA12838D205C8C37D5DE /* Embed Pods Frameworks */,
				08BEAA5E57378C4093C8E9AD /* Copy Pods Resources */,
			);
			buildRules = (
			);
			dependencies = (
			);
			name = HoelangTotTrein2;
			productName = HoelangTotTrein2;
			productReference = C3E8474F1BB82A01007D17C3 /* HLTT.app */;
			productType = "com.apple.product-type.application";
		};
		C3E847651BB82A01007D17C3 /* HoelangTotTrein2Tests */ = {
			isa = PBXNativeTarget;
			buildConfigurationList = C3E8477D1BB82A01007D17C3 /* Build configuration list for PBXNativeTarget "HoelangTotTrein2Tests" */;
			buildPhases = (
				C3E847621BB82A01007D17C3 /* Sources */,
				C3E847631BB82A01007D17C3 /* Frameworks */,
				C3E847641BB82A01007D17C3 /* Resources */,
			);
			buildRules = (
			);
			dependencies = (
				C329C3941C86C95B00F93CA5 /* PBXTargetDependency */,
			);
			name = HoelangTotTrein2Tests;
			productName = HoelangTotTrein2Tests;
			productReference = C3E847661BB82A01007D17C3 /* HoelangTotTrein2Tests.xctest */;
			productType = "com.apple.product-type.bundle.unit-test";
		};
		C3E847701BB82A01007D17C3 /* HoelangTotTrein2UITests */ = {
			isa = PBXNativeTarget;
			buildConfigurationList = C3E847801BB82A01007D17C3 /* Build configuration list for PBXNativeTarget "HoelangTotTrein2UITests" */;
			buildPhases = (
				C3E8476D1BB82A01007D17C3 /* Sources */,
				C3E8476E1BB82A01007D17C3 /* Frameworks */,
				C3E8476F1BB82A01007D17C3 /* Resources */,
			);
			buildRules = (
			);
			dependencies = (
				C3E847731BB82A01007D17C3 /* PBXTargetDependency */,
			);
			name = HoelangTotTrein2UITests;
			productName = HoelangTotTrein2UITests;
			productReference = C3E847711BB82A01007D17C3 /* HoelangTotTrein2UITests.xctest */;
			productType = "com.apple.product-type.bundle.ui-testing";
		};
/* End PBXNativeTarget section */

/* Begin PBXProject section */
		C3E847471BB82A01007D17C3 /* Project object */ = {
			isa = PBXProject;
			attributes = {
				LastUpgradeCheck = 0700;
				ORGANIZATIONNAME = "Tomas Harkema";
				TargetAttributes = {
					C3E8474E1BB82A01007D17C3 = {
						CreatedOnToolsVersion = 7.0;
						DevelopmentTeam = RSRVS8D9PW;
						SystemCapabilities = {
							com.apple.BackgroundModes = {
								enabled = 1;
							};
							com.apple.Push = {
								enabled = 1;
							};
						};
					};
					C3E847651BB82A01007D17C3 = {
						CreatedOnToolsVersion = 7.0;
						TestTargetID = C3E8474E1BB82A01007D17C3;
					};
					C3E847701BB82A01007D17C3 = {
						CreatedOnToolsVersion = 7.0;
						TestTargetID = C3E8474E1BB82A01007D17C3;
					};
				};
			};
			buildConfigurationList = C3E8474A1BB82A01007D17C3 /* Build configuration list for PBXProject "HoelangTotTrein2" */;
			compatibilityVersion = "Xcode 3.2";
			developmentRegion = English;
			hasScannedForEncodings = 0;
			knownRegions = (
				en,
				Base,
			);
			mainGroup = C3E847461BB82A01007D17C3;
			productRefGroup = C3E847501BB82A01007D17C3 /* Products */;
			projectDirPath = "";
			projectRoot = "";
			targets = (
				C3E8474E1BB82A01007D17C3 /* HoelangTotTrein2 */,
				C3E847651BB82A01007D17C3 /* HoelangTotTrein2Tests */,
				C3E847701BB82A01007D17C3 /* HoelangTotTrein2UITests */,
			);
		};
/* End PBXProject section */

/* Begin PBXResourcesBuildPhase section */
		C3E8474D1BB82A01007D17C3 /* Resources */ = {
			isa = PBXResourcesBuildPhase;
			buildActionMask = 2147483647;
			files = (
				C3E847601BB82A01007D17C3 /* LaunchScreen.storyboard in Resources */,
				C3C26C0E1C552B4A00197471 /* sloterdijk.gpx in Resources */,
				C3E8475D1BB82A01007D17C3 /* Assets.xcassets in Resources */,
				C352D2D11C53C8E20066D01C /* bg.png in Resources */,
				C3F8AF0B1C5564ED009B9C91 /* Zaandam.gpx in Resources */,
				C3F8AF0D1C55653A009B9C91 /* Hoofddorp.gpx in Resources */,
				C3E847581BB82A01007D17C3 /* Main.storyboard in Resources */,
				C3C26C0C1C552B4300197471 /* Koog aan de Zaan.gpx in Resources */,
				C3F2BCB41C7CF91000DB3DA0 /* NOI.gpx in Resources */,
				C3C26C0A1C552B3A00197471 /* Den Haag HS.gpx in Resources */,
			);
			runOnlyForDeploymentPostprocessing = 0;
		};
		C3E847641BB82A01007D17C3 /* Resources */ = {
			isa = PBXResourcesBuildPhase;
			buildActionMask = 2147483647;
			files = (
			);
			runOnlyForDeploymentPostprocessing = 0;
		};
		C3E8476F1BB82A01007D17C3 /* Resources */ = {
			isa = PBXResourcesBuildPhase;
			buildActionMask = 2147483647;
			files = (
			);
			runOnlyForDeploymentPostprocessing = 0;
		};
/* End PBXResourcesBuildPhase section */

/* Begin PBXShellScriptBuildPhase section */
		08BEAA5E57378C4093C8E9AD /* Copy Pods Resources */ = {
			isa = PBXShellScriptBuildPhase;
			buildActionMask = 2147483647;
			files = (
			);
			inputPaths = (
			);
			name = "Copy Pods Resources";
			outputPaths = (
			);
			runOnlyForDeploymentPostprocessing = 0;
			shellPath = /bin/sh;
			shellScript = "\"${SRCROOT}/Pods/Target Support Files/Pods/Pods-resources.sh\"\n";
			showEnvVarsInLog = 0;
		};
		2DAA6C0B4DDB104CC8182399 /* Check Pods Manifest.lock */ = {
			isa = PBXShellScriptBuildPhase;
			buildActionMask = 2147483647;
			files = (
			);
			inputPaths = (
			);
			name = "Check Pods Manifest.lock";
			outputPaths = (
			);
			runOnlyForDeploymentPostprocessing = 0;
			shellPath = /bin/sh;
			shellScript = "diff \"${PODS_ROOT}/../Podfile.lock\" \"${PODS_ROOT}/Manifest.lock\" > /dev/null\nif [[ $? != 0 ]] ; then\n    cat << EOM\nerror: The sandbox is not in sync with the Podfile.lock. Run 'pod install' or update your CocoaPods installation.\nEOM\n    exit 1\nfi\n";
			showEnvVarsInLog = 0;
		};
		A5AECA12838D205C8C37D5DE /* Embed Pods Frameworks */ = {
			isa = PBXShellScriptBuildPhase;
			buildActionMask = 2147483647;
			files = (
			);
			inputPaths = (
			);
			name = "Embed Pods Frameworks";
			outputPaths = (
			);
			runOnlyForDeploymentPostprocessing = 0;
			shellPath = /bin/sh;
			shellScript = "\"${SRCROOT}/Pods/Target Support Files/Pods/Pods-frameworks.sh\"\n";
			showEnvVarsInLog = 0;
		};
		C3E847AE1BB85518007D17C3 /* ShellScript */ = {
			isa = PBXShellScriptBuildPhase;
			buildActionMask = 2147483647;
			files = (
			);
			inputPaths = (
			);
			outputPaths = (
			);
			runOnlyForDeploymentPostprocessing = 0;
			shellPath = /bin/sh;
			shellScript = "\"$PODS_ROOT/R.swift/rswift\" \"$SRCROOT\"";
		};
		C3F2BCB51C7CFCFE00DB3DA0 /* ShellScript */ = {
			isa = PBXShellScriptBuildPhase;
			buildActionMask = 2147483647;
			files = (
			);
			inputPaths = (
			);
			outputPaths = (
			);
			runOnlyForDeploymentPostprocessing = 0;
			shellPath = /bin/sh;
			shellScript = "SCRIPT=`/usr/bin/find \"${SRCROOT}\" -name newrelic_postbuild.sh | head -n 1`\n/bin/sh \"${SCRIPT}\" \"AA37eca143a6cbc43c025498e41838d785d5666a06\"";
		};
/* End PBXShellScriptBuildPhase section */

/* Begin PBXSourcesBuildPhase section */
		C3E8474B1BB82A01007D17C3 /* Sources */ = {
			isa = PBXSourcesBuildPhase;
			buildActionMask = 2147483647;
			files = (
				C3E847A61BB8447B007D17C3 /* StorageAttachment.swift in Sources */,
				C3E847941BB83A94007D17C3 /* LogService.swift in Sources */,
				C3A47C3D1BC0058000A3CDA8 /* CLCircularRegion+Bounds.swift in Sources */,
				C3A47C371BBEF48C00A3CDA8 /* Station+Services.swift in Sources */,
				C352D2D31C53DCE50066D01C /* Array+Extensions.swift in Sources */,
				C3E847A11BB83C4F007D17C3 /* Station+JsonGen.swift in Sources */,
				C3C26C141C55321600197471 /* GeofenceModel+JsonGen.swift in Sources */,
				C3CEB91D1C53AB0600C6FBFF /* ErrorJson+JsonGen.swift in Sources */,
				C3E847921BB836A5007D17C3 /* App.swift in Sources */,
				C3E847B71BB8575E007D17C3 /* PickerViewController.swift in Sources */,
				C3E847B51BB85608007D17C3 /* ViewController.swift in Sources */,
				C3E847AD1BB84E55007D17C3 /* NSUserDefaults+HLTT.swift in Sources */,
				C3E847841BB82B82007D17C3 /* Observable.swift in Sources */,
				C3C26C161C5556C100197471 /* NotificationService.swift in Sources */,
				C3CEB91F1C53B60000C6FBFF /* Advice+Services.swift in Sources */,
				C32D78BE1BDEC98C00603805 /* R.generated.swift in Sources */,
				C3E847BD1BB86058007D17C3 /* StationCell.swift in Sources */,
				C3A47C391BBFEA0B00A3CDA8 /* NSIndexPath+Offset.swift in Sources */,
				C3E847AA1BB846FC007D17C3 /* StationRecord.swift in Sources */,
				C3E847BF1BB86460007D17C3 /* StationFetchedResultControllerDelegate.swift in Sources */,
				C3E847A31BB840E5007D17C3 /* Promissium+Threading.swift in Sources */,
				C3E8475B1BB82A01007D17C3 /* HoelangTotTrein2.xcdatamodeld in Sources */,
				C3A47C341BBEF05D00A3CDA8 /* History+CoreDataProperties.swift in Sources */,
				C3E847551BB82A01007D17C3 /* TickerViewController.swift in Sources */,
				C3E8479A1BB83BC6007D17C3 /* Advice.swift in Sources */,
				C3E847901BB832E6007D17C3 /* TravelService.swift in Sources */,
				C3E847981BB83B9B007D17C3 /* JsonGen.swift in Sources */,
				C3E847531BB82A01007D17C3 /* AppDelegate.swift in Sources */,
				C3E847A01BB83C4F007D17C3 /* Advice+JsonGen.swift in Sources */,
				C3E847B31BB855AA007D17C3 /* SegueManagerController.swift in Sources */,
				C3E847B91BB8577F007D17C3 /* TableViewController.swift in Sources */,
				C32D78BC1BDEC5DA00603805 /* SuccessResponse+JsonGen.swift in Sources */,
				C3A47C351BBEF05D00A3CDA8 /* History.swift in Sources */,
				C3E847961BB83AF7007D17C3 /* NetworkActivityManagerService.swift in Sources */,
				C3CEB91B1C53A87700C6FBFF /* ErrorJson.swift in Sources */,
				C3C26C081C5527D600197471 /* GeofenceService.swift in Sources */,
				C3CEB9171C53A76F00C6FBFF /* JsonGen+Alamofire.swift in Sources */,
				C32D78BA1BDEC4D300603805 /* SuccessResponse.swift in Sources */,
				C3E847C11BB86632007D17C3 /* NSFetchedResultsController+Extensions.swift in Sources */,
				C3E8479C1BB83BCE007D17C3 /* Station.swift in Sources */,
				C3C26C121C5531E000197471 /* GeofenceModel.swift in Sources */,
				C3E847BB1BB85EBF007D17C3 /* PickerTableView.swift in Sources */,
				C3E8478E1BB8312A007D17C3 /* ApiService.swift in Sources */,
				C3A47C3B1BBFFA1500A3CDA8 /* LocationService.swift in Sources */,
				C3E847A91BB846FC007D17C3 /* StationRecord+CoreDataProperties.swift in Sources */,
			);
			runOnlyForDeploymentPostprocessing = 0;
		};
		C3E847621BB82A01007D17C3 /* Sources */ = {
			isa = PBXSourcesBuildPhase;
			buildActionMask = 2147483647;
			files = (
				C3E8476B1BB82A01007D17C3 /* HoelangTotTrein2Tests.swift in Sources */,
				C329C3921C86C5AD00F93CA5 /* GeofenceTests.swift in Sources */,
			);
			runOnlyForDeploymentPostprocessing = 0;
		};
		C3E8476D1BB82A01007D17C3 /* Sources */ = {
			isa = PBXSourcesBuildPhase;
			buildActionMask = 2147483647;
			files = (
				C3E847761BB82A01007D17C3 /* HoelangTotTrein2UITests.swift in Sources */,
			);
			runOnlyForDeploymentPostprocessing = 0;
		};
/* End PBXSourcesBuildPhase section */

/* Begin PBXTargetDependency section */
		C329C3941C86C95B00F93CA5 /* PBXTargetDependency */ = {
			isa = PBXTargetDependency;
			target = C3E8474E1BB82A01007D17C3 /* HoelangTotTrein2 */;
			targetProxy = C329C3931C86C95B00F93CA5 /* PBXContainerItemProxy */;
		};
		C3E847731BB82A01007D17C3 /* PBXTargetDependency */ = {
			isa = PBXTargetDependency;
			target = C3E8474E1BB82A01007D17C3 /* HoelangTotTrein2 */;
			targetProxy = C3E847721BB82A01007D17C3 /* PBXContainerItemProxy */;
		};
/* End PBXTargetDependency section */

/* Begin PBXVariantGroup section */
		C3E847561BB82A01007D17C3 /* Main.storyboard */ = {
			isa = PBXVariantGroup;
			children = (
				C3E847571BB82A01007D17C3 /* Base */,
			);
			name = Main.storyboard;
			sourceTree = "<group>";
		};
		C3E8475E1BB82A01007D17C3 /* LaunchScreen.storyboard */ = {
			isa = PBXVariantGroup;
			children = (
				C3E8475F1BB82A01007D17C3 /* Base */,
			);
			name = LaunchScreen.storyboard;
			sourceTree = "<group>";
		};
/* End PBXVariantGroup section */

/* Begin XCBuildConfiguration section */
		C3E847781BB82A01007D17C3 /* Debug */ = {
			isa = XCBuildConfiguration;
			buildSettings = {
				ALWAYS_SEARCH_USER_PATHS = NO;
				CLANG_CXX_LANGUAGE_STANDARD = "gnu++0x";
				CLANG_CXX_LIBRARY = "libc++";
				CLANG_ENABLE_MODULES = YES;
				CLANG_ENABLE_OBJC_ARC = YES;
				CLANG_WARN_BOOL_CONVERSION = YES;
				CLANG_WARN_CONSTANT_CONVERSION = YES;
				CLANG_WARN_DIRECT_OBJC_ISA_USAGE = YES_ERROR;
				CLANG_WARN_EMPTY_BODY = YES;
				CLANG_WARN_ENUM_CONVERSION = YES;
				CLANG_WARN_INT_CONVERSION = YES;
				CLANG_WARN_OBJC_ROOT_CLASS = YES_ERROR;
				CLANG_WARN_UNREACHABLE_CODE = YES;
				CLANG_WARN__DUPLICATE_METHOD_MATCH = YES;
				"CODE_SIGN_IDENTITY[sdk=iphoneos*]" = "iPhone Developer";
				COPY_PHASE_STRIP = NO;
				DEBUG_INFORMATION_FORMAT = dwarf;
				ENABLE_STRICT_OBJC_MSGSEND = YES;
				ENABLE_TESTABILITY = YES;
				GCC_C_LANGUAGE_STANDARD = gnu99;
				GCC_DYNAMIC_NO_PIC = NO;
				GCC_NO_COMMON_BLOCKS = YES;
				GCC_OPTIMIZATION_LEVEL = 0;
				GCC_PREPROCESSOR_DEFINITIONS = (
					"DEBUG=1",
					"$(inherited)",
				);
				GCC_WARN_64_TO_32_BIT_CONVERSION = YES;
				GCC_WARN_ABOUT_RETURN_TYPE = YES_ERROR;
				GCC_WARN_UNDECLARED_SELECTOR = YES;
				GCC_WARN_UNINITIALIZED_AUTOS = YES_AGGRESSIVE;
				GCC_WARN_UNUSED_FUNCTION = YES;
				GCC_WARN_UNUSED_VARIABLE = YES;
				IPHONEOS_DEPLOYMENT_TARGET = 9.0;
				MTL_ENABLE_DEBUG_INFO = YES;
				ONLY_ACTIVE_ARCH = YES;
				SDKROOT = iphoneos;
				SWIFT_OPTIMIZATION_LEVEL = "-Onone";
			};
			name = Debug;
		};
		C3E847791BB82A01007D17C3 /* Release */ = {
			isa = XCBuildConfiguration;
			buildSettings = {
				ALWAYS_SEARCH_USER_PATHS = NO;
				CLANG_CXX_LANGUAGE_STANDARD = "gnu++0x";
				CLANG_CXX_LIBRARY = "libc++";
				CLANG_ENABLE_MODULES = YES;
				CLANG_ENABLE_OBJC_ARC = YES;
				CLANG_WARN_BOOL_CONVERSION = YES;
				CLANG_WARN_CONSTANT_CONVERSION = YES;
				CLANG_WARN_DIRECT_OBJC_ISA_USAGE = YES_ERROR;
				CLANG_WARN_EMPTY_BODY = YES;
				CLANG_WARN_ENUM_CONVERSION = YES;
				CLANG_WARN_INT_CONVERSION = YES;
				CLANG_WARN_OBJC_ROOT_CLASS = YES_ERROR;
				CLANG_WARN_UNREACHABLE_CODE = YES;
				CLANG_WARN__DUPLICATE_METHOD_MATCH = YES;
				"CODE_SIGN_IDENTITY[sdk=iphoneos*]" = "iPhone Developer";
				COPY_PHASE_STRIP = NO;
				DEBUG_INFORMATION_FORMAT = "dwarf-with-dsym";
				ENABLE_NS_ASSERTIONS = NO;
				ENABLE_STRICT_OBJC_MSGSEND = YES;
				GCC_C_LANGUAGE_STANDARD = gnu99;
				GCC_NO_COMMON_BLOCKS = YES;
				GCC_WARN_64_TO_32_BIT_CONVERSION = YES;
				GCC_WARN_ABOUT_RETURN_TYPE = YES_ERROR;
				GCC_WARN_UNDECLARED_SELECTOR = YES;
				GCC_WARN_UNINITIALIZED_AUTOS = YES_AGGRESSIVE;
				GCC_WARN_UNUSED_FUNCTION = YES;
				GCC_WARN_UNUSED_VARIABLE = YES;
				IPHONEOS_DEPLOYMENT_TARGET = 9.0;
				MTL_ENABLE_DEBUG_INFO = NO;
				SDKROOT = iphoneos;
				VALIDATE_PRODUCT = YES;
			};
			name = Release;
		};
		C3E8477B1BB82A01007D17C3 /* Debug */ = {
			isa = XCBuildConfiguration;
			baseConfigurationReference = 31C7FB5B6D66A5D616037600 /* Pods.debug.xcconfig */;
			buildSettings = {
				ASSETCATALOG_COMPILER_APPICON_NAME = AppIcon;
				CODE_SIGN_IDENTITY = "iPhone Developer";
				INFOPLIST_FILE = HoelangTotTrein2/Info.plist;
				LD_RUNPATH_SEARCH_PATHS = "$(inherited) @executable_path/Frameworks";
				PRODUCT_BUNDLE_IDENTIFIER = nl.tomasharkema.HoelangTotTrein;
				PRODUCT_NAME = HLTT;
				SWIFT_OBJC_BRIDGING_HEADER = "HoelangToTrein-Bridging-Header.h";
				TARGETED_DEVICE_FAMILY = "1,2";
			};
			name = Debug;
		};
		C3E8477C1BB82A01007D17C3 /* Release */ = {
			isa = XCBuildConfiguration;
			baseConfigurationReference = D6EF40B07AFBFB6745292115 /* Pods.release.xcconfig */;
			buildSettings = {
				ASSETCATALOG_COMPILER_APPICON_NAME = AppIcon;
				CODE_SIGN_IDENTITY = "iPhone Developer";
				INFOPLIST_FILE = HoelangTotTrein2/Info.plist;
				LD_RUNPATH_SEARCH_PATHS = "$(inherited) @executable_path/Frameworks";
				PRODUCT_BUNDLE_IDENTIFIER = nl.tomasharkema.HoelangTotTrein;
				PRODUCT_NAME = HLTT;
				SWIFT_OBJC_BRIDGING_HEADER = "HoelangToTrein-Bridging-Header.h";
				TARGETED_DEVICE_FAMILY = "1,2";
			};
			name = Release;
		};
		C3E8477E1BB82A01007D17C3 /* Debug */ = {
			isa = XCBuildConfiguration;
			buildSettings = {
				BUNDLE_LOADER = "$(TEST_HOST)";
				INFOPLIST_FILE = HoelangTotTrein2Tests/Info.plist;
				LD_RUNPATH_SEARCH_PATHS = "$(inherited) @executable_path/Frameworks @loader_path/Frameworks";
				PRODUCT_BUNDLE_IDENTIFIER = nl.tomasharkema.HoelangTotTrein2Tests;
				PRODUCT_NAME = "$(TARGET_NAME)";
				TEST_HOST = "$(BUILT_PRODUCTS_DIR)/HoelangTotTrein2.app/HoelangTotTrein2";
			};
			name = Debug;
		};
		C3E8477F1BB82A01007D17C3 /* Release */ = {
			isa = XCBuildConfiguration;
			buildSettings = {
				BUNDLE_LOADER = "$(TEST_HOST)";
				INFOPLIST_FILE = HoelangTotTrein2Tests/Info.plist;
				LD_RUNPATH_SEARCH_PATHS = "$(inherited) @executable_path/Frameworks @loader_path/Frameworks";
				PRODUCT_BUNDLE_IDENTIFIER = nl.tomasharkema.HoelangTotTrein2Tests;
				PRODUCT_NAME = "$(TARGET_NAME)";
				TEST_HOST = "$(BUILT_PRODUCTS_DIR)/HoelangTotTrein2.app/HoelangTotTrein2";
			};
			name = Release;
		};
		C3E847811BB82A01007D17C3 /* Debug */ = {
			isa = XCBuildConfiguration;
			buildSettings = {
				INFOPLIST_FILE = HoelangTotTrein2UITests/Info.plist;
				LD_RUNPATH_SEARCH_PATHS = "$(inherited) @executable_path/Frameworks @loader_path/Frameworks";
				PRODUCT_BUNDLE_IDENTIFIER = nl.tomasharkema.HoelangTotTrein2UITests;
				PRODUCT_NAME = "$(TARGET_NAME)";
				TEST_TARGET_NAME = HoelangTotTrein2;
				USES_XCTRUNNER = YES;
			};
			name = Debug;
		};
		C3E847821BB82A01007D17C3 /* Release */ = {
			isa = XCBuildConfiguration;
			buildSettings = {
				INFOPLIST_FILE = HoelangTotTrein2UITests/Info.plist;
				LD_RUNPATH_SEARCH_PATHS = "$(inherited) @executable_path/Frameworks @loader_path/Frameworks";
				PRODUCT_BUNDLE_IDENTIFIER = nl.tomasharkema.HoelangTotTrein2UITests;
				PRODUCT_NAME = "$(TARGET_NAME)";
				TEST_TARGET_NAME = HoelangTotTrein2;
				USES_XCTRUNNER = YES;
			};
			name = Release;
		};
/* End XCBuildConfiguration section */

/* Begin XCConfigurationList section */
		C3E8474A1BB82A01007D17C3 /* Build configuration list for PBXProject "HoelangTotTrein2" */ = {
			isa = XCConfigurationList;
			buildConfigurations = (
				C3E847781BB82A01007D17C3 /* Debug */,
				C3E847791BB82A01007D17C3 /* Release */,
			);
			defaultConfigurationIsVisible = 0;
			defaultConfigurationName = Release;
		};
		C3E8477A1BB82A01007D17C3 /* Build configuration list for PBXNativeTarget "HoelangTotTrein2" */ = {
			isa = XCConfigurationList;
			buildConfigurations = (
				C3E8477B1BB82A01007D17C3 /* Debug */,
				C3E8477C1BB82A01007D17C3 /* Release */,
			);
			defaultConfigurationIsVisible = 0;
			defaultConfigurationName = Release;
		};
		C3E8477D1BB82A01007D17C3 /* Build configuration list for PBXNativeTarget "HoelangTotTrein2Tests" */ = {
			isa = XCConfigurationList;
			buildConfigurations = (
				C3E8477E1BB82A01007D17C3 /* Debug */,
				C3E8477F1BB82A01007D17C3 /* Release */,
			);
			defaultConfigurationIsVisible = 0;
			defaultConfigurationName = Release;
		};
		C3E847801BB82A01007D17C3 /* Build configuration list for PBXNativeTarget "HoelangTotTrein2UITests" */ = {
			isa = XCConfigurationList;
			buildConfigurations = (
				C3E847811BB82A01007D17C3 /* Debug */,
				C3E847821BB82A01007D17C3 /* Release */,
			);
			defaultConfigurationIsVisible = 0;
			defaultConfigurationName = Release;
		};
/* End XCConfigurationList section */

/* Begin XCVersionGroup section */
		C3E847591BB82A01007D17C3 /* HoelangTotTrein2.xcdatamodeld */ = {
			isa = XCVersionGroup;
			children = (
				C3E8475A1BB82A01007D17C3 /* HoelangTotTrein2.xcdatamodel */,
			);
			currentVersion = C3E8475A1BB82A01007D17C3 /* HoelangTotTrein2.xcdatamodel */;
			path = HoelangTotTrein2.xcdatamodeld;
			sourceTree = "<group>";
			versionGroupType = wrapper.xcdatamodel;
		};
/* End XCVersionGroup section */
	};
	rootObject = C3E847471BB82A01007D17C3 /* Project object */;
}
