// !$*UTF8*$!
{
	archiveVersion = 1;
	classes = {
	};
	objectVersion = 46;
	objects = {

/* Begin PBXBuildFile section */
		362AF12538E0CF72D41A10AF /* Pods_HoelangTotTreinCoreTests.framework in Frameworks */ = {isa = PBXBuildFile; fileRef = D115D95C547E554F036E4207 /* Pods_HoelangTotTreinCoreTests.framework */; };
		ADADB5153DBD35651CEEA454 /* Pods_HoelangTotTrein2WatchPods_HoelangTotTreinCoreWatch.framework in Frameworks */ = {isa = PBXBuildFile; fileRef = 21503FE6A4480E8B8B910EBE /* Pods_HoelangTotTrein2WatchPods_HoelangTotTreinCoreWatch.framework */; };
		C31C97541EA22CE2007BD463 /* TravelServiceTests.swift in Sources */ = {isa = PBXBuildFile; fileRef = C31C97531EA22CE2007BD463 /* TravelServiceTests.swift */; };
		C31C97561EA22FBB007BD463 /* MockDataStore.swift in Sources */ = {isa = PBXBuildFile; fileRef = C31C97551EA22FBB007BD463 /* MockDataStore.swift */; };
		C31C97581EA234EA007BD463 /* MockLocationService.swift in Sources */ = {isa = PBXBuildFile; fileRef = C31C97571EA234EA007BD463 /* MockLocationService.swift */; };
		C333481D1EAA3D5700EE2340 /* AppLocationService.swift in Sources */ = {isa = PBXBuildFile; fileRef = C333481C1EAA3D5700EE2340 /* AppLocationService.swift */; };
		C333481E1EAA3D5700EE2340 /* AppLocationService.swift in Sources */ = {isa = PBXBuildFile; fileRef = C333481C1EAA3D5700EE2340 /* AppLocationService.swift */; };
		C333481F1EAA3D7B00EE2340 /* LocationService.swift in Sources */ = {isa = PBXBuildFile; fileRef = C375382F1E991E030047108C /* LocationService.swift */; };
		C33348201EAA3DD700EE2340 /* TravelService.swift in Sources */ = {isa = PBXBuildFile; fileRef = C37538141E99181C0047108C /* TravelService.swift */; };
		C33348241EAA498900EE2340 /* JsonHelpers.swift in Sources */ = {isa = PBXBuildFile; fileRef = C33348231EAA498900EE2340 /* JsonHelpers.swift */; };
		C33348251EAA498F00EE2340 /* JsonHelpers.swift in Sources */ = {isa = PBXBuildFile; fileRef = C33348231EAA498900EE2340 /* JsonHelpers.swift */; };
		C33348271EAA49BD00EE2340 /* WatchkitHelpers.swift in Sources */ = {isa = PBXBuildFile; fileRef = C33348261EAA49BD00EE2340 /* WatchkitHelpers.swift */; };
		C33348281EAA49BD00EE2340 /* WatchkitHelpers.swift in Sources */ = {isa = PBXBuildFile; fileRef = C33348261EAA49BD00EE2340 /* WatchkitHelpers.swift */; };
		C33348291EAA529200EE2340 /* StorageAttachment.swift in Sources */ = {isa = PBXBuildFile; fileRef = C37538131E99181C0047108C /* StorageAttachment.swift */; };
		C37538021E9916190047108C /* HoelangTotTreinCore.framework in Frameworks */ = {isa = PBXBuildFile; fileRef = C37537F81E9916190047108C /* HoelangTotTreinCore.framework */; };
		C37538091E9916190047108C /* HoelangTotTreinCore.h in Headers */ = {isa = PBXBuildFile; fileRef = C37537FB1E9916190047108C /* HoelangTotTreinCore.h */; settings = {ATTRIBUTES = (Public, ); }; };
		C37538151E99181C0047108C /* StorageAttachment.swift in Sources */ = {isa = PBXBuildFile; fileRef = C37538131E99181C0047108C /* StorageAttachment.swift */; };
		C37538161E99181C0047108C /* TravelService.swift in Sources */ = {isa = PBXBuildFile; fileRef = C37538141E99181C0047108C /* TravelService.swift */; };
		C37538211E991AF30047108C /* HoelangTotTreinAPI.framework in Frameworks */ = {isa = PBXBuildFile; fileRef = C37538201E991AF30047108C /* HoelangTotTreinAPI.framework */; };
		C37538251E991C750047108C /* Observable+FilterOptional.swift in Sources */ = {isa = PBXBuildFile; fileRef = C37538241E991C750047108C /* Observable+FilterOptional.swift */; };
		C37538271E991CC70047108C /* Advice+Services.swift in Sources */ = {isa = PBXBuildFile; fileRef = C37538261E991CC70047108C /* Advice+Services.swift */; };
		C375382A1E991D720047108C /* TravelEvent.swift in Sources */ = {isa = PBXBuildFile; fileRef = C37538291E991D720047108C /* TravelEvent.swift */; };
		C375382D1E991DB40047108C /* Array+Extensions.swift in Sources */ = {isa = PBXBuildFile; fileRef = C375382B1E991DB40047108C /* Array+Extensions.swift */; };
		C375382E1E991DB40047108C /* Array+Helpers.swift in Sources */ = {isa = PBXBuildFile; fileRef = C375382C1E991DB40047108C /* Array+Helpers.swift */; };
		C37538301E991E030047108C /* LocationService.swift in Sources */ = {isa = PBXBuildFile; fileRef = C375382F1E991E030047108C /* LocationService.swift */; };
		C37538321E991EBC0047108C /* PickerState.swift in Sources */ = {isa = PBXBuildFile; fileRef = C37538311E991EBC0047108C /* PickerState.swift */; };
		C37538341E991F030047108C /* CLCircularRegion+Bounds.swift in Sources */ = {isa = PBXBuildFile; fileRef = C37538331E991F030047108C /* CLCircularRegion+Bounds.swift */; };
		C37538561E9923340047108C /* HoelangTotTreinCoreWatch.h in Headers */ = {isa = PBXBuildFile; fileRef = C37538541E9923340047108C /* HoelangTotTreinCoreWatch.h */; settings = {ATTRIBUTES = (Public, ); }; };
		C375385A1E99233A0047108C /* TravelEvent.swift in Sources */ = {isa = PBXBuildFile; fileRef = C37538291E991D720047108C /* TravelEvent.swift */; };
		C375385B1E99233A0047108C /* PickerState.swift in Sources */ = {isa = PBXBuildFile; fileRef = C37538311E991EBC0047108C /* PickerState.swift */; };
		C375385C1E99233D0047108C /* CLCircularRegion+Bounds.swift in Sources */ = {isa = PBXBuildFile; fileRef = C37538331E991F030047108C /* CLCircularRegion+Bounds.swift */; };
		C375385D1E99233D0047108C /* Array+Extensions.swift in Sources */ = {isa = PBXBuildFile; fileRef = C375382B1E991DB40047108C /* Array+Extensions.swift */; };
		C375385E1E99233D0047108C /* Array+Helpers.swift in Sources */ = {isa = PBXBuildFile; fileRef = C375382C1E991DB40047108C /* Array+Helpers.swift */; };
		C375385F1E99233D0047108C /* Advice+Services.swift in Sources */ = {isa = PBXBuildFile; fileRef = C37538261E991CC70047108C /* Advice+Services.swift */; };
		C37538601E99233D0047108C /* Observable+FilterOptional.swift in Sources */ = {isa = PBXBuildFile; fileRef = C37538241E991C750047108C /* Observable+FilterOptional.swift */; };
		C37538651E9923D50047108C /* HoelangTotTreinAPIWatch.framework in Frameworks */ = {isa = PBXBuildFile; fileRef = C37538641E9923D50047108C /* HoelangTotTreinAPIWatch.framework */; };
		C38335D11EAA368900A9E077 /* HoelangTotTrein2.xcdatamodeld in Sources */ = {isa = PBXBuildFile; fileRef = C38335CF1EAA368900A9E077 /* HoelangTotTrein2.xcdatamodeld */; };
		C38335D21EAA368900A9E077 /* HoelangTotTrein2.xcdatamodeld in Sources */ = {isa = PBXBuildFile; fileRef = C38335CF1EAA368900A9E077 /* HoelangTotTrein2.xcdatamodeld */; };
		C38335E11EAA37A000A9E077 /* AppDataStore+UserDefaults.swift in Sources */ = {isa = PBXBuildFile; fileRef = C38335E01EAA37A000A9E077 /* AppDataStore+UserDefaults.swift */; };
		C38335E21EAA37A000A9E077 /* AppDataStore+UserDefaults.swift in Sources */ = {isa = PBXBuildFile; fileRef = C38335E01EAA37A000A9E077 /* AppDataStore+UserDefaults.swift */; };
		C38335E51EAA37D400A9E077 /* AppDataStore.swift in Sources */ = {isa = PBXBuildFile; fileRef = C38335E31EAA37D400A9E077 /* AppDataStore.swift */; };
		C38335E61EAA37D400A9E077 /* AppDataStore.swift in Sources */ = {isa = PBXBuildFile; fileRef = C38335E31EAA37D400A9E077 /* AppDataStore.swift */; };
		C38335E71EAA37D400A9E077 /* DataStore.swift in Sources */ = {isa = PBXBuildFile; fileRef = C38335E41EAA37D400A9E077 /* DataStore.swift */; };
		C38335E81EAA37D400A9E077 /* DataStore.swift in Sources */ = {isa = PBXBuildFile; fileRef = C38335E41EAA37D400A9E077 /* DataStore.swift */; };
		F5BBE6F99260597FC4E38F6E /* Pods_HoelangTotTrein2Pods_HoelangTotTreinCore.framework in Frameworks */ = {isa = PBXBuildFile; fileRef = 2152BD725B1728E9F39F90FA /* Pods_HoelangTotTrein2Pods_HoelangTotTreinCore.framework */; };
/* End PBXBuildFile section */

/* Begin PBXContainerItemProxy section */
		C37538031E9916190047108C /* PBXContainerItemProxy */ = {
			isa = PBXContainerItemProxy;
			containerPortal = C37537EF1E9916190047108C /* Project object */;
			proxyType = 1;
			remoteGlobalIDString = C37537F71E9916190047108C;
			remoteInfo = HoelangTotTreinCore;
		};
/* End PBXContainerItemProxy section */

/* Begin PBXFileReference section */
		21503FE6A4480E8B8B910EBE /* Pods_HoelangTotTrein2WatchPods_HoelangTotTreinCoreWatch.framework */ = {isa = PBXFileReference; explicitFileType = wrapper.framework; includeInIndex = 0; path = Pods_HoelangTotTrein2WatchPods_HoelangTotTreinCoreWatch.framework; sourceTree = BUILT_PRODUCTS_DIR; };
		2152BD725B1728E9F39F90FA /* Pods_HoelangTotTrein2Pods_HoelangTotTreinCore.framework */ = {isa = PBXFileReference; explicitFileType = wrapper.framework; includeInIndex = 0; path = Pods_HoelangTotTrein2Pods_HoelangTotTreinCore.framework; sourceTree = BUILT_PRODUCTS_DIR; };
		3B5D1791EF2D07FFEA8E58A5 /* Pods-HoelangTotTrein2Pods-HoelangTotTreinCore.release.xcconfig */ = {isa = PBXFileReference; includeInIndex = 1; lastKnownFileType = text.xcconfig; name = "Pods-HoelangTotTrein2Pods-HoelangTotTreinCore.release.xcconfig"; path = "../Pods/Target Support Files/Pods-HoelangTotTrein2Pods-HoelangTotTreinCore/Pods-HoelangTotTrein2Pods-HoelangTotTreinCore.release.xcconfig"; sourceTree = "<group>"; };
		604C1BDCE49E4D4706C06AEE /* Pods-HoelangTotTrein2WatchPods-HoelangTotTreinCoreWatch.debug.xcconfig */ = {isa = PBXFileReference; includeInIndex = 1; lastKnownFileType = text.xcconfig; name = "Pods-HoelangTotTrein2WatchPods-HoelangTotTreinCoreWatch.debug.xcconfig"; path = "../Pods/Target Support Files/Pods-HoelangTotTrein2WatchPods-HoelangTotTreinCoreWatch/Pods-HoelangTotTrein2WatchPods-HoelangTotTreinCoreWatch.debug.xcconfig"; sourceTree = "<group>"; };
		62294631FAB25A6BF0C842B3 /* Pods-HoelangTotTreinCoreTests.release.xcconfig */ = {isa = PBXFileReference; includeInIndex = 1; lastKnownFileType = text.xcconfig; name = "Pods-HoelangTotTreinCoreTests.release.xcconfig"; path = "../Pods/Target Support Files/Pods-HoelangTotTreinCoreTests/Pods-HoelangTotTreinCoreTests.release.xcconfig"; sourceTree = "<group>"; };
		906BDC53F282929770904D36 /* Pods-HoelangTotTrein2Pods-HoelangTotTreinCore.debug.xcconfig */ = {isa = PBXFileReference; includeInIndex = 1; lastKnownFileType = text.xcconfig; name = "Pods-HoelangTotTrein2Pods-HoelangTotTreinCore.debug.xcconfig"; path = "../Pods/Target Support Files/Pods-HoelangTotTrein2Pods-HoelangTotTreinCore/Pods-HoelangTotTrein2Pods-HoelangTotTreinCore.debug.xcconfig"; sourceTree = "<group>"; };
		9EE852C17893B19B92BAF84D /* Pods-HoelangTotTreinCoreTests.debug.xcconfig */ = {isa = PBXFileReference; includeInIndex = 1; lastKnownFileType = text.xcconfig; name = "Pods-HoelangTotTreinCoreTests.debug.xcconfig"; path = "../Pods/Target Support Files/Pods-HoelangTotTreinCoreTests/Pods-HoelangTotTreinCoreTests.debug.xcconfig"; sourceTree = "<group>"; };
		BAE1E6F8D21E649BC7373173 /* Pods-HoelangTotTrein2WatchPods-HoelangTotTreinCoreWatch.release.xcconfig */ = {isa = PBXFileReference; includeInIndex = 1; lastKnownFileType = text.xcconfig; name = "Pods-HoelangTotTrein2WatchPods-HoelangTotTreinCoreWatch.release.xcconfig"; path = "../Pods/Target Support Files/Pods-HoelangTotTrein2WatchPods-HoelangTotTreinCoreWatch/Pods-HoelangTotTrein2WatchPods-HoelangTotTreinCoreWatch.release.xcconfig"; sourceTree = "<group>"; };
		C31C97531EA22CE2007BD463 /* TravelServiceTests.swift */ = {isa = PBXFileReference; fileEncoding = 4; lastKnownFileType = sourcecode.swift; name = TravelServiceTests.swift; path = Services/TravelServiceTests.swift; sourceTree = "<group>"; };
		C31C97551EA22FBB007BD463 /* MockDataStore.swift */ = {isa = PBXFileReference; fileEncoding = 4; lastKnownFileType = sourcecode.swift; path = MockDataStore.swift; sourceTree = "<group>"; };
		C31C97571EA234EA007BD463 /* MockLocationService.swift */ = {isa = PBXFileReference; fileEncoding = 4; lastKnownFileType = sourcecode.swift; path = MockLocationService.swift; sourceTree = "<group>"; };
		C333481C1EAA3D5700EE2340 /* AppLocationService.swift */ = {isa = PBXFileReference; fileEncoding = 4; lastKnownFileType = sourcecode.swift; path = AppLocationService.swift; sourceTree = "<group>"; };
		C33348231EAA498900EE2340 /* JsonHelpers.swift */ = {isa = PBXFileReference; fileEncoding = 4; lastKnownFileType = sourcecode.swift; path = JsonHelpers.swift; sourceTree = "<group>"; };
		C33348261EAA49BD00EE2340 /* WatchkitHelpers.swift */ = {isa = PBXFileReference; fileEncoding = 4; lastKnownFileType = sourcecode.swift; path = WatchkitHelpers.swift; sourceTree = "<group>"; };
		C37537F81E9916190047108C /* HoelangTotTreinCore.framework */ = {isa = PBXFileReference; explicitFileType = wrapper.framework; includeInIndex = 0; path = HoelangTotTreinCore.framework; sourceTree = BUILT_PRODUCTS_DIR; };
		C37537FB1E9916190047108C /* HoelangTotTreinCore.h */ = {isa = PBXFileReference; lastKnownFileType = sourcecode.c.h; path = HoelangTotTreinCore.h; sourceTree = "<group>"; };
		C37537FC1E9916190047108C /* Info.plist */ = {isa = PBXFileReference; lastKnownFileType = text.plist.xml; path = Info.plist; sourceTree = "<group>"; };
		C37538011E9916190047108C /* HoelangTotTreinCoreTests.xctest */ = {isa = PBXFileReference; explicitFileType = wrapper.cfbundle; includeInIndex = 0; path = HoelangTotTreinCoreTests.xctest; sourceTree = BUILT_PRODUCTS_DIR; };
		C37538081E9916190047108C /* Info.plist */ = {isa = PBXFileReference; lastKnownFileType = text.plist.xml; path = Info.plist; sourceTree = "<group>"; };
		C37538131E99181C0047108C /* StorageAttachment.swift */ = {isa = PBXFileReference; fileEncoding = 4; lastKnownFileType = sourcecode.swift; path = StorageAttachment.swift; sourceTree = "<group>"; };
		C37538141E99181C0047108C /* TravelService.swift */ = {isa = PBXFileReference; fileEncoding = 4; lastKnownFileType = sourcecode.swift; path = TravelService.swift; sourceTree = "<group>"; };
		C37538201E991AF30047108C /* HoelangTotTreinAPI.framework */ = {isa = PBXFileReference; lastKnownFileType = wrapper.framework; name = HoelangTotTreinAPI.framework; path = "../../../Library/Developer/Xcode/DerivedData/HoelangTotTrein2-awasppsyfxxeyscposmsgommelcm/Build/Products/Debug-iphoneos/HoelangTotTreinAPI.framework"; sourceTree = "<group>"; };
		C37538241E991C750047108C /* Observable+FilterOptional.swift */ = {isa = PBXFileReference; fileEncoding = 4; lastKnownFileType = sourcecode.swift; path = "Observable+FilterOptional.swift"; sourceTree = "<group>"; };
		C37538261E991CC70047108C /* Advice+Services.swift */ = {isa = PBXFileReference; fileEncoding = 4; lastKnownFileType = sourcecode.swift; path = "Advice+Services.swift"; sourceTree = "<group>"; };
		C37538291E991D720047108C /* TravelEvent.swift */ = {isa = PBXFileReference; fileEncoding = 4; lastKnownFileType = sourcecode.swift; path = TravelEvent.swift; sourceTree = "<group>"; };
		C375382B1E991DB40047108C /* Array+Extensions.swift */ = {isa = PBXFileReference; fileEncoding = 4; lastKnownFileType = sourcecode.swift; path = "Array+Extensions.swift"; sourceTree = "<group>"; };
		C375382C1E991DB40047108C /* Array+Helpers.swift */ = {isa = PBXFileReference; fileEncoding = 4; lastKnownFileType = sourcecode.swift; path = "Array+Helpers.swift"; sourceTree = "<group>"; };
		C375382F1E991E030047108C /* LocationService.swift */ = {isa = PBXFileReference; fileEncoding = 4; lastKnownFileType = sourcecode.swift; path = LocationService.swift; sourceTree = "<group>"; };
		C37538311E991EBC0047108C /* PickerState.swift */ = {isa = PBXFileReference; fileEncoding = 4; lastKnownFileType = sourcecode.swift; path = PickerState.swift; sourceTree = "<group>"; };
		C37538331E991F030047108C /* CLCircularRegion+Bounds.swift */ = {isa = PBXFileReference; fileEncoding = 4; lastKnownFileType = sourcecode.swift; path = "CLCircularRegion+Bounds.swift"; sourceTree = "<group>"; };
		C375383E1E9920F50047108C /* HoelangTotTreinCoreWatch.h */ = {isa = PBXFileReference; lastKnownFileType = sourcecode.c.h; path = HoelangTotTreinCoreWatch.h; sourceTree = "<group>"; };
		C375383F1E9920F50047108C /* Info.plist */ = {isa = PBXFileReference; lastKnownFileType = text.plist.xml; path = Info.plist; sourceTree = "<group>"; };
		C37538521E9923340047108C /* HoelangTotTreinCoreWatch.framework */ = {isa = PBXFileReference; explicitFileType = wrapper.framework; includeInIndex = 0; path = HoelangTotTreinCoreWatch.framework; sourceTree = BUILT_PRODUCTS_DIR; };
		C37538541E9923340047108C /* HoelangTotTreinCoreWatch.h */ = {isa = PBXFileReference; lastKnownFileType = sourcecode.c.h; path = HoelangTotTreinCoreWatch.h; sourceTree = "<group>"; };
		C37538551E9923340047108C /* Info.plist */ = {isa = PBXFileReference; lastKnownFileType = text.plist.xml; path = Info.plist; sourceTree = "<group>"; };
		C37538641E9923D50047108C /* HoelangTotTreinAPIWatch.framework */ = {isa = PBXFileReference; lastKnownFileType = wrapper.framework; name = HoelangTotTreinAPIWatch.framework; path = "../../../Library/Developer/Xcode/DerivedData/HoelangTotTrein2-awasppsyfxxeyscposmsgommelcm/Build/Products/Debug-watchsimulator/HoelangTotTreinAPIWatch.framework"; sourceTree = "<group>"; };
		C38335D01EAA368900A9E077 /* HoelangTotTrein2.xcdatamodel */ = {isa = PBXFileReference; lastKnownFileType = wrapper.xcdatamodel; path = HoelangTotTrein2.xcdatamodel; sourceTree = "<group>"; };
		C38335E01EAA37A000A9E077 /* AppDataStore+UserDefaults.swift */ = {isa = PBXFileReference; fileEncoding = 4; lastKnownFileType = sourcecode.swift; path = "AppDataStore+UserDefaults.swift"; sourceTree = "<group>"; };
		C38335E31EAA37D400A9E077 /* AppDataStore.swift */ = {isa = PBXFileReference; fileEncoding = 4; lastKnownFileType = sourcecode.swift; path = AppDataStore.swift; sourceTree = "<group>"; };
		C38335E41EAA37D400A9E077 /* DataStore.swift */ = {isa = PBXFileReference; fileEncoding = 4; lastKnownFileType = sourcecode.swift; path = DataStore.swift; sourceTree = "<group>"; };
		D115D95C547E554F036E4207 /* Pods_HoelangTotTreinCoreTests.framework */ = {isa = PBXFileReference; explicitFileType = wrapper.framework; includeInIndex = 0; path = Pods_HoelangTotTreinCoreTests.framework; sourceTree = BUILT_PRODUCTS_DIR; };
/* End PBXFileReference section */

/* Begin PBXFrameworksBuildPhase section */
		C37537F41E9916190047108C /* Frameworks */ = {
			isa = PBXFrameworksBuildPhase;
			buildActionMask = 2147483647;
			files = (
				C37538211E991AF30047108C /* HoelangTotTreinAPI.framework in Frameworks */,
				F5BBE6F99260597FC4E38F6E /* Pods_HoelangTotTrein2Pods_HoelangTotTreinCore.framework in Frameworks */,
			);
			runOnlyForDeploymentPostprocessing = 0;
		};
		C37537FE1E9916190047108C /* Frameworks */ = {
			isa = PBXFrameworksBuildPhase;
			buildActionMask = 2147483647;
			files = (
				C37538021E9916190047108C /* HoelangTotTreinCore.framework in Frameworks */,
				362AF12538E0CF72D41A10AF /* Pods_HoelangTotTreinCoreTests.framework in Frameworks */,
			);
			runOnlyForDeploymentPostprocessing = 0;
		};
		C375384E1E9923340047108C /* Frameworks */ = {
			isa = PBXFrameworksBuildPhase;
			buildActionMask = 2147483647;
			files = (
				C37538651E9923D50047108C /* HoelangTotTreinAPIWatch.framework in Frameworks */,
				ADADB5153DBD35651CEEA454 /* Pods_HoelangTotTrein2WatchPods_HoelangTotTreinCoreWatch.framework in Frameworks */,
			);
			runOnlyForDeploymentPostprocessing = 0;
		};
/* End PBXFrameworksBuildPhase section */

/* Begin PBXGroup section */
		762DAC39A5F60687EC4EB3BE /* Pods */ = {
			isa = PBXGroup;
			children = (
				906BDC53F282929770904D36 /* Pods-HoelangTotTrein2Pods-HoelangTotTreinCore.debug.xcconfig */,
				3B5D1791EF2D07FFEA8E58A5 /* Pods-HoelangTotTrein2Pods-HoelangTotTreinCore.release.xcconfig */,
				9EE852C17893B19B92BAF84D /* Pods-HoelangTotTreinCoreTests.debug.xcconfig */,
				62294631FAB25A6BF0C842B3 /* Pods-HoelangTotTreinCoreTests.release.xcconfig */,
				604C1BDCE49E4D4706C06AEE /* Pods-HoelangTotTrein2WatchPods-HoelangTotTreinCoreWatch.debug.xcconfig */,
				BAE1E6F8D21E649BC7373173 /* Pods-HoelangTotTrein2WatchPods-HoelangTotTreinCoreWatch.release.xcconfig */,
			);
			name = Pods;
			sourceTree = "<group>";
		};
		C31C97521EA22CCC007BD463 /* Services */ = {
			isa = PBXGroup;
			children = (
				C31C97531EA22CE2007BD463 /* TravelServiceTests.swift */,
			);
			name = Services;
			sourceTree = "<group>";
		};
		C37537EE1E9916190047108C = {
			isa = PBXGroup;
			children = (
				C37537FA1E9916190047108C /* HoelangTotTreinCore */,
				C37538051E9916190047108C /* HoelangTotTreinCoreTests */,
				C375383D1E9920F50047108C /* HoelangTotTreinCoreWatch */,
				C37538531E9923340047108C /* HoelangTotTreinCoreWatch */,
				C37537F91E9916190047108C /* Products */,
				762DAC39A5F60687EC4EB3BE /* Pods */,
				DFD0240DDC8ECAA641CAD295 /* Frameworks */,
			);
			sourceTree = "<group>";
		};
		C37537F91E9916190047108C /* Products */ = {
			isa = PBXGroup;
			children = (
				C37537F81E9916190047108C /* HoelangTotTreinCore.framework */,
				C37538011E9916190047108C /* HoelangTotTreinCoreTests.xctest */,
				C37538521E9923340047108C /* HoelangTotTreinCoreWatch.framework */,
			);
			name = Products;
			sourceTree = "<group>";
		};
		C37537FA1E9916190047108C /* HoelangTotTreinCore */ = {
			isa = PBXGroup;
			children = (
				C38335CE1EAA365B00A9E077 /* DataStore */,
				C37538281E991D640047108C /* Model */,
				C37538231E991C630047108C /* Extensions */,
				C37538121E9917330047108C /* Services */,
				C37537FB1E9916190047108C /* HoelangTotTreinCore.h */,
				C37537FC1E9916190047108C /* Info.plist */,
			);
			path = HoelangTotTreinCore;
			sourceTree = "<group>";
		};
		C37538051E9916190047108C /* HoelangTotTreinCoreTests */ = {
			isa = PBXGroup;
			children = (
				C31C97521EA22CCC007BD463 /* Services */,
				C37538081E9916190047108C /* Info.plist */,
				C31C97551EA22FBB007BD463 /* MockDataStore.swift */,
				C31C97571EA234EA007BD463 /* MockLocationService.swift */,
			);
			path = HoelangTotTreinCoreTests;
			sourceTree = "<group>";
		};
		C37538121E9917330047108C /* Services */ = {
			isa = PBXGroup;
			children = (
				C333481C1EAA3D5700EE2340 /* AppLocationService.swift */,
				C37538131E99181C0047108C /* StorageAttachment.swift */,
				C37538141E99181C0047108C /* TravelService.swift */,
				C375382F1E991E030047108C /* LocationService.swift */,
			);
			path = Services;
			sourceTree = "<group>";
		};
		C37538231E991C630047108C /* Extensions */ = {
			isa = PBXGroup;
			children = (
				C33348261EAA49BD00EE2340 /* WatchkitHelpers.swift */,
				C33348231EAA498900EE2340 /* JsonHelpers.swift */,
				C37538331E991F030047108C /* CLCircularRegion+Bounds.swift */,
				C375382B1E991DB40047108C /* Array+Extensions.swift */,
				C375382C1E991DB40047108C /* Array+Helpers.swift */,
				C37538261E991CC70047108C /* Advice+Services.swift */,
				C37538241E991C750047108C /* Observable+FilterOptional.swift */,
			);
			path = Extensions;
			sourceTree = "<group>";
		};
		C37538281E991D640047108C /* Model */ = {
			isa = PBXGroup;
			children = (
				C37538291E991D720047108C /* TravelEvent.swift */,
				C37538311E991EBC0047108C /* PickerState.swift */,
			);
			path = Model;
			sourceTree = "<group>";
		};
		C375383D1E9920F50047108C /* HoelangTotTreinCoreWatch */ = {
			isa = PBXGroup;
			children = (
				C375383E1E9920F50047108C /* HoelangTotTreinCoreWatch.h */,
				C375383F1E9920F50047108C /* Info.plist */,
			);
			path = HoelangTotTreinCoreWatch;
			sourceTree = "<group>";
		};
		C37538531E9923340047108C /* HoelangTotTreinCoreWatch */ = {
			isa = PBXGroup;
			children = (
				C37538541E9923340047108C /* HoelangTotTreinCoreWatch.h */,
				C37538551E9923340047108C /* Info.plist */,
			);
			path = HoelangTotTreinCoreWatch;
			sourceTree = "<group>";
		};
		C38335CE1EAA365B00A9E077 /* DataStore */ = {
			isa = PBXGroup;
			children = (
				C38335E31EAA37D400A9E077 /* AppDataStore.swift */,
				C38335E41EAA37D400A9E077 /* DataStore.swift */,
				C38335E01EAA37A000A9E077 /* AppDataStore+UserDefaults.swift */,
				C38335CF1EAA368900A9E077 /* HoelangTotTrein2.xcdatamodeld */,
			);
			path = DataStore;
			sourceTree = "<group>";
		};
		DFD0240DDC8ECAA641CAD295 /* Frameworks */ = {
			isa = PBXGroup;
			children = (
				C37538641E9923D50047108C /* HoelangTotTreinAPIWatch.framework */,
				C37538201E991AF30047108C /* HoelangTotTreinAPI.framework */,
				2152BD725B1728E9F39F90FA /* Pods_HoelangTotTrein2Pods_HoelangTotTreinCore.framework */,
				D115D95C547E554F036E4207 /* Pods_HoelangTotTreinCoreTests.framework */,
				21503FE6A4480E8B8B910EBE /* Pods_HoelangTotTrein2WatchPods_HoelangTotTreinCoreWatch.framework */,
			);
			name = Frameworks;
			sourceTree = "<group>";
		};
/* End PBXGroup section */

/* Begin PBXHeadersBuildPhase section */
		C37537F51E9916190047108C /* Headers */ = {
			isa = PBXHeadersBuildPhase;
			buildActionMask = 2147483647;
			files = (
				C37538091E9916190047108C /* HoelangTotTreinCore.h in Headers */,
			);
			runOnlyForDeploymentPostprocessing = 0;
		};
		C375384F1E9923340047108C /* Headers */ = {
			isa = PBXHeadersBuildPhase;
			buildActionMask = 2147483647;
			files = (
				C37538561E9923340047108C /* HoelangTotTreinCoreWatch.h in Headers */,
			);
			runOnlyForDeploymentPostprocessing = 0;
		};
/* End PBXHeadersBuildPhase section */

/* Begin PBXNativeTarget section */
		C37537F71E9916190047108C /* HoelangTotTreinCore */ = {
			isa = PBXNativeTarget;
			buildConfigurationList = C375380C1E9916190047108C /* Build configuration list for PBXNativeTarget "HoelangTotTreinCore" */;
			buildPhases = (
				D3540AE863459B5176E8E3B7 /* [CP] Check Pods Manifest.lock */,
				C37537F31E9916190047108C /* Sources */,
				C37537F41E9916190047108C /* Frameworks */,
				C37537F51E9916190047108C /* Headers */,
				C37537F61E9916190047108C /* Resources */,
				EB7C9335ED62CD7DA707F8B6 /* [CP] Copy Pods Resources */,
			);
			buildRules = (
			);
			dependencies = (
			);
			name = HoelangTotTreinCore;
			productName = HoelangTotTreinCore;
			productReference = C37537F81E9916190047108C /* HoelangTotTreinCore.framework */;
			productType = "com.apple.product-type.framework";
		};
		C37538001E9916190047108C /* HoelangTotTreinCoreTests */ = {
			isa = PBXNativeTarget;
			buildConfigurationList = C375380F1E9916190047108C /* Build configuration list for PBXNativeTarget "HoelangTotTreinCoreTests" */;
			buildPhases = (
				4F4178D9D600FFA8DCAD8A00 /* [CP] Check Pods Manifest.lock */,
				C37537FD1E9916190047108C /* Sources */,
				C37537FE1E9916190047108C /* Frameworks */,
				C37537FF1E9916190047108C /* Resources */,
				EACC30A99D536B90F269475E /* [CP] Embed Pods Frameworks */,
				275396B8E905DCCE4DCCFF01 /* [CP] Copy Pods Resources */,
			);
			buildRules = (
			);
			dependencies = (
				C37538041E9916190047108C /* PBXTargetDependency */,
			);
			name = HoelangTotTreinCoreTests;
			productName = HoelangTotTreinCoreTests;
			productReference = C37538011E9916190047108C /* HoelangTotTreinCoreTests.xctest */;
			productType = "com.apple.product-type.bundle.unit-test";
		};
		C37538511E9923340047108C /* HoelangTotTreinCoreWatch */ = {
			isa = PBXNativeTarget;
			buildConfigurationList = C37538571E9923340047108C /* Build configuration list for PBXNativeTarget "HoelangTotTreinCoreWatch" */;
			buildPhases = (
				17CC3B92639A53CA78E3245D /* [CP] Check Pods Manifest.lock */,
				C375384D1E9923340047108C /* Sources */,
				C375384E1E9923340047108C /* Frameworks */,
				C375384F1E9923340047108C /* Headers */,
				C37538501E9923340047108C /* Resources */,
				47EBF7E4ACF280C972E01795 /* [CP] Copy Pods Resources */,
			);
			buildRules = (
			);
			dependencies = (
			);
			name = HoelangTotTreinCoreWatch;
			productName = HoelangTotTreinCoreWatch;
			productReference = C37538521E9923340047108C /* HoelangTotTreinCoreWatch.framework */;
			productType = "com.apple.product-type.framework";
		};
/* End PBXNativeTarget section */

/* Begin PBXProject section */
		C37537EF1E9916190047108C /* Project object */ = {
			isa = PBXProject;
			attributes = {
				LastSwiftUpdateCheck = 0830;
				LastUpgradeCheck = 0930;
				ORGANIZATIONNAME = "Tomas Harkema";
				TargetAttributes = {
					C37537F71E9916190047108C = {
						CreatedOnToolsVersion = 8.3.1;
						DevelopmentTeam = RSRVS8D9PW;
						LastSwiftMigration = 0900;
						ProvisioningStyle = Automatic;
					};
					C37538001E9916190047108C = {
						CreatedOnToolsVersion = 8.3.1;
						DevelopmentTeam = RSRVS8D9PW;
						LastSwiftMigration = 0900;
						ProvisioningStyle = Automatic;
					};
					C37538511E9923340047108C = {
						CreatedOnToolsVersion = 8.3.1;
						DevelopmentTeam = RSRVS8D9PW;
						LastSwiftMigration = 0900;
						ProvisioningStyle = Automatic;
					};
				};
			};
			buildConfigurationList = C37537F21E9916190047108C /* Build configuration list for PBXProject "HoelangTotTreinCore" */;
			compatibilityVersion = "Xcode 3.2";
			developmentRegion = English;
			hasScannedForEncodings = 0;
			knownRegions = (
				en,
			);
			mainGroup = C37537EE1E9916190047108C;
			productRefGroup = C37537F91E9916190047108C /* Products */;
			projectDirPath = "";
			projectRoot = "";
			targets = (
				C37537F71E9916190047108C /* HoelangTotTreinCore */,
				C37538001E9916190047108C /* HoelangTotTreinCoreTests */,
				C37538511E9923340047108C /* HoelangTotTreinCoreWatch */,
			);
		};
/* End PBXProject section */

/* Begin PBXResourcesBuildPhase section */
		C37537F61E9916190047108C /* Resources */ = {
			isa = PBXResourcesBuildPhase;
			buildActionMask = 2147483647;
			files = (
			);
			runOnlyForDeploymentPostprocessing = 0;
		};
		C37537FF1E9916190047108C /* Resources */ = {
			isa = PBXResourcesBuildPhase;
			buildActionMask = 2147483647;
			files = (
			);
			runOnlyForDeploymentPostprocessing = 0;
		};
		C37538501E9923340047108C /* Resources */ = {
			isa = PBXResourcesBuildPhase;
			buildActionMask = 2147483647;
			files = (
			);
			runOnlyForDeploymentPostprocessing = 0;
		};
/* End PBXResourcesBuildPhase section */

/* Begin PBXShellScriptBuildPhase section */
		17CC3B92639A53CA78E3245D /* [CP] Check Pods Manifest.lock */ = {
			isa = PBXShellScriptBuildPhase;
			buildActionMask = 2147483647;
			files = (
			);
			inputPaths = (
				"${PODS_PODFILE_DIR_PATH}/Podfile.lock",
				"${PODS_ROOT}/Manifest.lock",
			);
			name = "[CP] Check Pods Manifest.lock";
			outputPaths = (
				"$(DERIVED_FILE_DIR)/Pods-HoelangTotTrein2WatchPods-HoelangTotTreinCoreWatch-checkManifestLockResult.txt",
			);
			runOnlyForDeploymentPostprocessing = 0;
			shellPath = /bin/sh;
			shellScript = "diff \"${PODS_PODFILE_DIR_PATH}/Podfile.lock\" \"${PODS_ROOT}/Manifest.lock\" > /dev/null\nif [ $? != 0 ] ; then\n    # print error to STDERR\n    echo \"error: The sandbox is not in sync with the Podfile.lock. Run 'pod install' or update your CocoaPods installation.\" >&2\n    exit 1\nfi\n# This output is used by Xcode 'outputs' to avoid re-running this script phase.\necho \"SUCCESS\" > \"${SCRIPT_OUTPUT_FILE_0}\"\n";
			showEnvVarsInLog = 0;
		};
		275396B8E905DCCE4DCCFF01 /* [CP] Copy Pods Resources */ = {
			isa = PBXShellScriptBuildPhase;
			buildActionMask = 2147483647;
			files = (
			);
			inputPaths = (
			);
			name = "[CP] Copy Pods Resources";
			outputPaths = (
			);
			runOnlyForDeploymentPostprocessing = 0;
			shellPath = /bin/sh;
			shellScript = "\"${SRCROOT}/../Pods/Target Support Files/Pods-HoelangTotTreinCoreTests/Pods-HoelangTotTreinCoreTests-resources.sh\"\n";
			showEnvVarsInLog = 0;
		};
		47EBF7E4ACF280C972E01795 /* [CP] Copy Pods Resources */ = {
			isa = PBXShellScriptBuildPhase;
			buildActionMask = 2147483647;
			files = (
			);
			inputPaths = (
			);
			name = "[CP] Copy Pods Resources";
			outputPaths = (
			);
			runOnlyForDeploymentPostprocessing = 0;
			shellPath = /bin/sh;
			shellScript = "\"${SRCROOT}/../Pods/Target Support Files/Pods-HoelangTotTrein2WatchPods-HoelangTotTreinCoreWatch/Pods-HoelangTotTrein2WatchPods-HoelangTotTreinCoreWatch-resources.sh\"\n";
			showEnvVarsInLog = 0;
		};
		4F4178D9D600FFA8DCAD8A00 /* [CP] Check Pods Manifest.lock */ = {
			isa = PBXShellScriptBuildPhase;
			buildActionMask = 2147483647;
			files = (
			);
			inputPaths = (
				"${PODS_PODFILE_DIR_PATH}/Podfile.lock",
				"${PODS_ROOT}/Manifest.lock",
			);
			name = "[CP] Check Pods Manifest.lock";
			outputPaths = (
				"$(DERIVED_FILE_DIR)/Pods-HoelangTotTreinCoreTests-checkManifestLockResult.txt",
			);
			runOnlyForDeploymentPostprocessing = 0;
			shellPath = /bin/sh;
			shellScript = "diff \"${PODS_PODFILE_DIR_PATH}/Podfile.lock\" \"${PODS_ROOT}/Manifest.lock\" > /dev/null\nif [ $? != 0 ] ; then\n    # print error to STDERR\n    echo \"error: The sandbox is not in sync with the Podfile.lock. Run 'pod install' or update your CocoaPods installation.\" >&2\n    exit 1\nfi\n# This output is used by Xcode 'outputs' to avoid re-running this script phase.\necho \"SUCCESS\" > \"${SCRIPT_OUTPUT_FILE_0}\"\n";
			showEnvVarsInLog = 0;
		};
		D3540AE863459B5176E8E3B7 /* [CP] Check Pods Manifest.lock */ = {
			isa = PBXShellScriptBuildPhase;
			buildActionMask = 2147483647;
			files = (
			);
			inputPaths = (
				"${PODS_PODFILE_DIR_PATH}/Podfile.lock",
				"${PODS_ROOT}/Manifest.lock",
			);
			name = "[CP] Check Pods Manifest.lock";
			outputPaths = (
				"$(DERIVED_FILE_DIR)/Pods-HoelangTotTrein2Pods-HoelangTotTreinCore-checkManifestLockResult.txt",
			);
			runOnlyForDeploymentPostprocessing = 0;
			shellPath = /bin/sh;
			shellScript = "diff \"${PODS_PODFILE_DIR_PATH}/Podfile.lock\" \"${PODS_ROOT}/Manifest.lock\" > /dev/null\nif [ $? != 0 ] ; then\n    # print error to STDERR\n    echo \"error: The sandbox is not in sync with the Podfile.lock. Run 'pod install' or update your CocoaPods installation.\" >&2\n    exit 1\nfi\n# This output is used by Xcode 'outputs' to avoid re-running this script phase.\necho \"SUCCESS\" > \"${SCRIPT_OUTPUT_FILE_0}\"\n";
			showEnvVarsInLog = 0;
		};
		EACC30A99D536B90F269475E /* [CP] Embed Pods Frameworks */ = {
			isa = PBXShellScriptBuildPhase;
			buildActionMask = 2147483647;
			files = (
			);
			inputPaths = (
				"${SRCROOT}/../Pods/Target Support Files/Pods-HoelangTotTreinCoreTests/Pods-HoelangTotTreinCoreTests-frameworks.sh",
				"${BUILT_PRODUCTS_DIR}/RxSwift-iOS/RxSwift.framework",
				"${BUILT_PRODUCTS_DIR}/RxTest/RxTest.framework",
				"${BUILT_PRODUCTS_DIR}/Promissum-iOS/Promissum.framework",
				"${BUILT_PRODUCTS_DIR}/RxCocoa/RxCocoa.framework",
				"${BUILT_PRODUCTS_DIR}/SWXMLHash-iOS/SWXMLHash.framework",
			);
			name = "[CP] Embed Pods Frameworks";
			outputPaths = (
				"${TARGET_BUILD_DIR}/${FRAMEWORKS_FOLDER_PATH}/RxSwift.framework",
				"${TARGET_BUILD_DIR}/${FRAMEWORKS_FOLDER_PATH}/RxTest.framework",
				"${TARGET_BUILD_DIR}/${FRAMEWORKS_FOLDER_PATH}/Promissum.framework",
				"${TARGET_BUILD_DIR}/${FRAMEWORKS_FOLDER_PATH}/RxCocoa.framework",
				"${TARGET_BUILD_DIR}/${FRAMEWORKS_FOLDER_PATH}/SWXMLHash.framework",
			);
			runOnlyForDeploymentPostprocessing = 0;
			shellPath = /bin/sh;
			shellScript = "\"${SRCROOT}/../Pods/Target Support Files/Pods-HoelangTotTreinCoreTests/Pods-HoelangTotTreinCoreTests-frameworks.sh\"\n";
			showEnvVarsInLog = 0;
		};
		EB7C9335ED62CD7DA707F8B6 /* [CP] Copy Pods Resources */ = {
			isa = PBXShellScriptBuildPhase;
			buildActionMask = 2147483647;
			files = (
			);
			inputPaths = (
			);
			name = "[CP] Copy Pods Resources";
			outputPaths = (
			);
			runOnlyForDeploymentPostprocessing = 0;
			shellPath = /bin/sh;
			shellScript = "\"${SRCROOT}/../Pods/Target Support Files/Pods-HoelangTotTrein2Pods-HoelangTotTreinCore/Pods-HoelangTotTrein2Pods-HoelangTotTreinCore-resources.sh\"\n";
			showEnvVarsInLog = 0;
		};
/* End PBXShellScriptBuildPhase section */

/* Begin PBXSourcesBuildPhase section */
		C37537F31E9916190047108C /* Sources */ = {
			isa = PBXSourcesBuildPhase;
			buildActionMask = 2147483647;
			files = (
				C37538151E99181C0047108C /* StorageAttachment.swift in Sources */,
				C37538341E991F030047108C /* CLCircularRegion+Bounds.swift in Sources */,
				C38335E51EAA37D400A9E077 /* AppDataStore.swift in Sources */,
				C37538271E991CC70047108C /* Advice+Services.swift in Sources */,
				C38335E11EAA37A000A9E077 /* AppDataStore+UserDefaults.swift in Sources */,
				C375382A1E991D720047108C /* TravelEvent.swift in Sources */,
				C38335E71EAA37D400A9E077 /* DataStore.swift in Sources */,
				C37538321E991EBC0047108C /* PickerState.swift in Sources */,
				C375382E1E991DB40047108C /* Array+Helpers.swift in Sources */,
				C33348241EAA498900EE2340 /* JsonHelpers.swift in Sources */,
				C33348271EAA49BD00EE2340 /* WatchkitHelpers.swift in Sources */,
				C375382D1E991DB40047108C /* Array+Extensions.swift in Sources */,
				C37538251E991C750047108C /* Observable+FilterOptional.swift in Sources */,
				C37538301E991E030047108C /* LocationService.swift in Sources */,
				C37538161E99181C0047108C /* TravelService.swift in Sources */,
				C333481D1EAA3D5700EE2340 /* AppLocationService.swift in Sources */,
				C38335D11EAA368900A9E077 /* HoelangTotTrein2.xcdatamodeld in Sources */,
			);
			runOnlyForDeploymentPostprocessing = 0;
		};
		C37537FD1E9916190047108C /* Sources */ = {
			isa = PBXSourcesBuildPhase;
			buildActionMask = 2147483647;
			files = (
				C31C97581EA234EA007BD463 /* MockLocationService.swift in Sources */,
				C31C97561EA22FBB007BD463 /* MockDataStore.swift in Sources */,
				C31C97541EA22CE2007BD463 /* TravelServiceTests.swift in Sources */,
			);
			runOnlyForDeploymentPostprocessing = 0;
		};
		C375384D1E9923340047108C /* Sources */ = {
			isa = PBXSourcesBuildPhase;
			buildActionMask = 2147483647;
			files = (
				C33348291EAA529200EE2340 /* StorageAttachment.swift in Sources */,
				C375385E1E99233D0047108C /* Array+Helpers.swift in Sources */,
				C375385F1E99233D0047108C /* Advice+Services.swift in Sources */,
				C33348281EAA49BD00EE2340 /* WatchkitHelpers.swift in Sources */,
				C38335E61EAA37D400A9E077 /* AppDataStore.swift in Sources */,
				C33348251EAA498F00EE2340 /* JsonHelpers.swift in Sources */,
				C375385A1E99233A0047108C /* TravelEvent.swift in Sources */,
				C37538601E99233D0047108C /* Observable+FilterOptional.swift in Sources */,
				C38335D21EAA368900A9E077 /* HoelangTotTrein2.xcdatamodeld in Sources */,
				C375385C1E99233D0047108C /* CLCircularRegion+Bounds.swift in Sources */,
				C38335E21EAA37A000A9E077 /* AppDataStore+UserDefaults.swift in Sources */,
				C375385B1E99233A0047108C /* PickerState.swift in Sources */,
				C333481F1EAA3D7B00EE2340 /* LocationService.swift in Sources */,
				C375385D1E99233D0047108C /* Array+Extensions.swift in Sources */,
				C33348201EAA3DD700EE2340 /* TravelService.swift in Sources */,
				C333481E1EAA3D5700EE2340 /* AppLocationService.swift in Sources */,
				C38335E81EAA37D400A9E077 /* DataStore.swift in Sources */,
			);
			runOnlyForDeploymentPostprocessing = 0;
		};
/* End PBXSourcesBuildPhase section */

/* Begin PBXTargetDependency section */
		C37538041E9916190047108C /* PBXTargetDependency */ = {
			isa = PBXTargetDependency;
			target = C37537F71E9916190047108C /* HoelangTotTreinCore */;
			targetProxy = C37538031E9916190047108C /* PBXContainerItemProxy */;
		};
/* End PBXTargetDependency section */

/* Begin XCBuildConfiguration section */
		C375380A1E9916190047108C /* Debug */ = {
			isa = XCBuildConfiguration;
			buildSettings = {
				ALWAYS_SEARCH_USER_PATHS = NO;
				CLANG_ANALYZER_NONNULL = YES;
				CLANG_ANALYZER_NUMBER_OBJECT_CONVERSION = YES_AGGRESSIVE;
				CLANG_CXX_LANGUAGE_STANDARD = "gnu++0x";
				CLANG_CXX_LIBRARY = "libc++";
				CLANG_ENABLE_MODULES = YES;
				CLANG_ENABLE_OBJC_ARC = YES;
				CLANG_WARN_BLOCK_CAPTURE_AUTORELEASING = YES;
				CLANG_WARN_BOOL_CONVERSION = YES;
				CLANG_WARN_COMMA = YES;
				CLANG_WARN_CONSTANT_CONVERSION = YES;
				CLANG_WARN_DEPRECATED_OBJC_IMPLEMENTATIONS = YES;
				CLANG_WARN_DIRECT_OBJC_ISA_USAGE = YES_ERROR;
				CLANG_WARN_DOCUMENTATION_COMMENTS = YES;
				CLANG_WARN_EMPTY_BODY = YES;
				CLANG_WARN_ENUM_CONVERSION = YES;
				CLANG_WARN_INFINITE_RECURSION = YES;
				CLANG_WARN_INT_CONVERSION = YES;
				CLANG_WARN_NON_LITERAL_NULL_CONVERSION = YES;
				CLANG_WARN_OBJC_IMPLICIT_RETAIN_SELF = YES;
				CLANG_WARN_OBJC_LITERAL_CONVERSION = YES;
				CLANG_WARN_OBJC_ROOT_CLASS = YES_ERROR;
				CLANG_WARN_RANGE_LOOP_ANALYSIS = YES;
				CLANG_WARN_STRICT_PROTOTYPES = YES;
				CLANG_WARN_SUSPICIOUS_MOVE = YES;
				CLANG_WARN_UNREACHABLE_CODE = YES;
				CLANG_WARN__DUPLICATE_METHOD_MATCH = YES;
				"CODE_SIGN_IDENTITY[sdk=iphoneos*]" = "iPhone Developer";
				COPY_PHASE_STRIP = NO;
				CURRENT_PROJECT_VERSION = 1;
				DEBUG_INFORMATION_FORMAT = dwarf;
				ENABLE_STRICT_OBJC_MSGSEND = YES;
				ENABLE_TESTABILITY = YES;
				GCC_C_LANGUAGE_STANDARD = gnu99;
				GCC_DYNAMIC_NO_PIC = NO;
				GCC_NO_COMMON_BLOCKS = YES;
				GCC_OPTIMIZATION_LEVEL = 0;
				GCC_PREPROCESSOR_DEFINITIONS = (
					"DEBUG=1",
					"$(inherited)",
				);
				GCC_WARN_64_TO_32_BIT_CONVERSION = YES;
				GCC_WARN_ABOUT_RETURN_TYPE = YES_ERROR;
				GCC_WARN_UNDECLARED_SELECTOR = YES;
				GCC_WARN_UNINITIALIZED_AUTOS = YES_AGGRESSIVE;
				GCC_WARN_UNUSED_FUNCTION = YES;
				GCC_WARN_UNUSED_VARIABLE = YES;
				IPHONEOS_DEPLOYMENT_TARGET = 10.3;
				MTL_ENABLE_DEBUG_INFO = YES;
				ONLY_ACTIVE_ARCH = YES;
				SDKROOT = iphoneos;
				SWIFT_ACTIVE_COMPILATION_CONDITIONS = DEBUG;
				SWIFT_OPTIMIZATION_LEVEL = "-Onone";
				TARGETED_DEVICE_FAMILY = "1,2";
				VERSIONING_SYSTEM = "apple-generic";
				VERSION_INFO_PREFIX = "";
			};
			name = Debug;
		};
		C375380B1E9916190047108C /* Release */ = {
			isa = XCBuildConfiguration;
			buildSettings = {
				ALWAYS_SEARCH_USER_PATHS = NO;
				CLANG_ANALYZER_NONNULL = YES;
				CLANG_ANALYZER_NUMBER_OBJECT_CONVERSION = YES_AGGRESSIVE;
				CLANG_CXX_LANGUAGE_STANDARD = "gnu++0x";
				CLANG_CXX_LIBRARY = "libc++";
				CLANG_ENABLE_MODULES = YES;
				CLANG_ENABLE_OBJC_ARC = YES;
				CLANG_WARN_BLOCK_CAPTURE_AUTORELEASING = YES;
				CLANG_WARN_BOOL_CONVERSION = YES;
				CLANG_WARN_COMMA = YES;
				CLANG_WARN_CONSTANT_CONVERSION = YES;
				CLANG_WARN_DEPRECATED_OBJC_IMPLEMENTATIONS = YES;
				CLANG_WARN_DIRECT_OBJC_ISA_USAGE = YES_ERROR;
				CLANG_WARN_DOCUMENTATION_COMMENTS = YES;
				CLANG_WARN_EMPTY_BODY = YES;
				CLANG_WARN_ENUM_CONVERSION = YES;
				CLANG_WARN_INFINITE_RECURSION = YES;
				CLANG_WARN_INT_CONVERSION = YES;
				CLANG_WARN_NON_LITERAL_NULL_CONVERSION = YES;
				CLANG_WARN_OBJC_IMPLICIT_RETAIN_SELF = YES;
				CLANG_WARN_OBJC_LITERAL_CONVERSION = YES;
				CLANG_WARN_OBJC_ROOT_CLASS = YES_ERROR;
				CLANG_WARN_RANGE_LOOP_ANALYSIS = YES;
				CLANG_WARN_STRICT_PROTOTYPES = YES;
				CLANG_WARN_SUSPICIOUS_MOVE = YES;
				CLANG_WARN_UNREACHABLE_CODE = YES;
				CLANG_WARN__DUPLICATE_METHOD_MATCH = YES;
				"CODE_SIGN_IDENTITY[sdk=iphoneos*]" = "iPhone Developer";
				COPY_PHASE_STRIP = NO;
				CURRENT_PROJECT_VERSION = 1;
				DEBUG_INFORMATION_FORMAT = "dwarf-with-dsym";
				ENABLE_NS_ASSERTIONS = NO;
				ENABLE_STRICT_OBJC_MSGSEND = YES;
				GCC_C_LANGUAGE_STANDARD = gnu99;
				GCC_NO_COMMON_BLOCKS = YES;
				GCC_WARN_64_TO_32_BIT_CONVERSION = YES;
				GCC_WARN_ABOUT_RETURN_TYPE = YES_ERROR;
				GCC_WARN_UNDECLARED_SELECTOR = YES;
				GCC_WARN_UNINITIALIZED_AUTOS = YES_AGGRESSIVE;
				GCC_WARN_UNUSED_FUNCTION = YES;
				GCC_WARN_UNUSED_VARIABLE = YES;
				IPHONEOS_DEPLOYMENT_TARGET = 10.3;
				MTL_ENABLE_DEBUG_INFO = NO;
				SDKROOT = iphoneos;
				SWIFT_OPTIMIZATION_LEVEL = "-Owholemodule";
				TARGETED_DEVICE_FAMILY = "1,2";
				VALIDATE_PRODUCT = YES;
				VERSIONING_SYSTEM = "apple-generic";
				VERSION_INFO_PREFIX = "";
			};
			name = Release;
		};
		C375380D1E9916190047108C /* Debug */ = {
			isa = XCBuildConfiguration;
			baseConfigurationReference = 906BDC53F282929770904D36 /* Pods-HoelangTotTrein2Pods-HoelangTotTreinCore.debug.xcconfig */;
			buildSettings = {
				CLANG_ENABLE_MODULES = YES;
				CODE_SIGN_IDENTITY = "";
				DEFINES_MODULE = YES;
				DEVELOPMENT_TEAM = RSRVS8D9PW;
				DYLIB_COMPATIBILITY_VERSION = 1;
				DYLIB_CURRENT_VERSION = 1;
				DYLIB_INSTALL_NAME_BASE = "@rpath";
				INFOPLIST_FILE = HoelangTotTreinCore/Info.plist;
				INSTALL_PATH = "$(LOCAL_LIBRARY_DIR)/Frameworks";
				IPHONEOS_DEPLOYMENT_TARGET = 10.0;
				LD_RUNPATH_SEARCH_PATHS = "$(inherited) @executable_path/Frameworks @loader_path/Frameworks";
				PRODUCT_BUNDLE_IDENTIFIER = io.harkema.HoelangTotTreinCore;
				PRODUCT_NAME = "$(TARGET_NAME)";
				SKIP_INSTALL = YES;
				SWIFT_OPTIMIZATION_LEVEL = "-Onone";
				SWIFT_SWIFT3_OBJC_INFERENCE = Off;
				SWIFT_VERSION = 4.0;
			};
			name = Debug;
		};
		C375380E1E9916190047108C /* Release */ = {
			isa = XCBuildConfiguration;
			baseConfigurationReference = 3B5D1791EF2D07FFEA8E58A5 /* Pods-HoelangTotTrein2Pods-HoelangTotTreinCore.release.xcconfig */;
			buildSettings = {
				CLANG_ENABLE_MODULES = YES;
				CODE_SIGN_IDENTITY = "";
				DEFINES_MODULE = YES;
				DEVELOPMENT_TEAM = RSRVS8D9PW;
				DYLIB_COMPATIBILITY_VERSION = 1;
				DYLIB_CURRENT_VERSION = 1;
				DYLIB_INSTALL_NAME_BASE = "@rpath";
				INFOPLIST_FILE = HoelangTotTreinCore/Info.plist;
				INSTALL_PATH = "$(LOCAL_LIBRARY_DIR)/Frameworks";
				IPHONEOS_DEPLOYMENT_TARGET = 10.0;
				LD_RUNPATH_SEARCH_PATHS = "$(inherited) @executable_path/Frameworks @loader_path/Frameworks";
				PRODUCT_BUNDLE_IDENTIFIER = io.harkema.HoelangTotTreinCore;
				PRODUCT_NAME = "$(TARGET_NAME)";
				SKIP_INSTALL = YES;
				SWIFT_SWIFT3_OBJC_INFERENCE = Off;
				SWIFT_VERSION = 4.0;
			};
			name = Release;
		};
		C37538101E9916190047108C /* Debug */ = {
			isa = XCBuildConfiguration;
			baseConfigurationReference = 9EE852C17893B19B92BAF84D /* Pods-HoelangTotTreinCoreTests.debug.xcconfig */;
			buildSettings = {
				ALWAYS_EMBED_SWIFT_STANDARD_LIBRARIES = YES;
				DEVELOPMENT_TEAM = RSRVS8D9PW;
				INFOPLIST_FILE = HoelangTotTreinCoreTests/Info.plist;
				LD_RUNPATH_SEARCH_PATHS = "$(inherited) @executable_path/Frameworks @loader_path/Frameworks";
				PRODUCT_BUNDLE_IDENTIFIER = io.harkema.HoelangTotTreinCoreTests;
				PRODUCT_NAME = "$(TARGET_NAME)";
				SWIFT_SWIFT3_OBJC_INFERENCE = On;
				SWIFT_VERSION = 4.0;
			};
			name = Debug;
		};
		C37538111E9916190047108C /* Release */ = {
			isa = XCBuildConfiguration;
			baseConfigurationReference = 62294631FAB25A6BF0C842B3 /* Pods-HoelangTotTreinCoreTests.release.xcconfig */;
			buildSettings = {
				ALWAYS_EMBED_SWIFT_STANDARD_LIBRARIES = YES;
				DEVELOPMENT_TEAM = RSRVS8D9PW;
				INFOPLIST_FILE = HoelangTotTreinCoreTests/Info.plist;
				LD_RUNPATH_SEARCH_PATHS = "$(inherited) @executable_path/Frameworks @loader_path/Frameworks";
				PRODUCT_BUNDLE_IDENTIFIER = io.harkema.HoelangTotTreinCoreTests;
				PRODUCT_NAME = "$(TARGET_NAME)";
				SWIFT_SWIFT3_OBJC_INFERENCE = On;
				SWIFT_VERSION = 4.0;
			};
			name = Release;
		};
		C37538581E9923340047108C /* Debug */ = {
			isa = XCBuildConfiguration;
			baseConfigurationReference = 604C1BDCE49E4D4706C06AEE /* Pods-HoelangTotTrein2WatchPods-HoelangTotTreinCoreWatch.debug.xcconfig */;
			buildSettings = {
				APPLICATION_EXTENSION_API_ONLY = YES;
				CODE_SIGN_IDENTITY = "";
				DEFINES_MODULE = YES;
				DEVELOPMENT_TEAM = RSRVS8D9PW;
				DYLIB_COMPATIBILITY_VERSION = 1;
				DYLIB_CURRENT_VERSION = 1;
				DYLIB_INSTALL_NAME_BASE = "@rpath";
				INFOPLIST_FILE = HoelangTotTreinCoreWatch/Info.plist;
				INSTALL_PATH = "$(LOCAL_LIBRARY_DIR)/Frameworks";
				LD_RUNPATH_SEARCH_PATHS = "$(inherited) @executable_path/Frameworks @loader_path/Frameworks";
				PRODUCT_BUNDLE_IDENTIFIER = io.harkema.HoelangTotTreinCoreWatch;
				PRODUCT_NAME = "$(TARGET_NAME)";
				SDKROOT = watchos;
				SKIP_INSTALL = YES;
				SWIFT_OPTIMIZATION_LEVEL = "-Onone";
				SWIFT_SWIFT3_OBJC_INFERENCE = Off;
				SWIFT_VERSION = 4.0;
				TARGETED_DEVICE_FAMILY = 4;
				WATCHOS_DEPLOYMENT_TARGET = 3.0;
			};
			name = Debug;
		};
		C37538591E9923340047108C /* Release */ = {
			isa = XCBuildConfiguration;
			baseConfigurationReference = BAE1E6F8D21E649BC7373173 /* Pods-HoelangTotTrein2WatchPods-HoelangTotTreinCoreWatch.release.xcconfig */;
			buildSettings = {
				APPLICATION_EXTENSION_API_ONLY = YES;
				CODE_SIGN_IDENTITY = "";
				DEFINES_MODULE = YES;
				DEVELOPMENT_TEAM = RSRVS8D9PW;
				DYLIB_COMPATIBILITY_VERSION = 1;
				DYLIB_CURRENT_VERSION = 1;
				DYLIB_INSTALL_NAME_BASE = "@rpath";
				INFOPLIST_FILE = HoelangTotTreinCoreWatch/Info.plist;
				INSTALL_PATH = "$(LOCAL_LIBRARY_DIR)/Frameworks";
				LD_RUNPATH_SEARCH_PATHS = "$(inherited) @executable_path/Frameworks @loader_path/Frameworks";
				PRODUCT_BUNDLE_IDENTIFIER = io.harkema.HoelangTotTreinCoreWatch;
				PRODUCT_NAME = "$(TARGET_NAME)";
				SDKROOT = watchos;
				SKIP_INSTALL = YES;
				SWIFT_SWIFT3_OBJC_INFERENCE = Off;
				SWIFT_VERSION = 4.0;
				TARGETED_DEVICE_FAMILY = 4;
				WATCHOS_DEPLOYMENT_TARGET = 3.0;
			};
			name = Release;
		};
/* End XCBuildConfiguration section */

/* Begin XCConfigurationList section */
		C37537F21E9916190047108C /* Build configuration list for PBXProject "HoelangTotTreinCore" */ = {
			isa = XCConfigurationList;
			buildConfigurations = (
				C375380A1E9916190047108C /* Debug */,
				C375380B1E9916190047108C /* Release */,
			);
			defaultConfigurationIsVisible = 0;
			defaultConfigurationName = Release;
		};
		C375380C1E9916190047108C /* Build configuration list for PBXNativeTarget "HoelangTotTreinCore" */ = {
			isa = XCConfigurationList;
			buildConfigurations = (
				C375380D1E9916190047108C /* Debug */,
				C375380E1E9916190047108C /* Release */,
			);
			defaultConfigurationIsVisible = 0;
			defaultConfigurationName = Release;
		};
		C375380F1E9916190047108C /* Build configuration list for PBXNativeTarget "HoelangTotTreinCoreTests" */ = {
			isa = XCConfigurationList;
			buildConfigurations = (
				C37538101E9916190047108C /* Debug */,
				C37538111E9916190047108C /* Release */,
			);
			defaultConfigurationIsVisible = 0;
			defaultConfigurationName = Release;
		};
		C37538571E9923340047108C /* Build configuration list for PBXNativeTarget "HoelangTotTreinCoreWatch" */ = {
			isa = XCConfigurationList;
			buildConfigurations = (
				C37538581E9923340047108C /* Debug */,
				C37538591E9923340047108C /* Release */,
			);
			defaultConfigurationIsVisible = 0;
			defaultConfigurationName = Release;
		};
/* End XCConfigurationList section */

/* Begin XCVersionGroup section */
		C38335CF1EAA368900A9E077 /* HoelangTotTrein2.xcdatamodeld */ = {
			isa = XCVersionGroup;
			children = (
				C38335D01EAA368900A9E077 /* HoelangTotTrein2.xcdatamodel */,
			);
			currentVersion = C38335D01EAA368900A9E077 /* HoelangTotTrein2.xcdatamodel */;
			path = HoelangTotTrein2.xcdatamodeld;
			sourceTree = "<group>";
			versionGroupType = wrapper.xcdatamodel;
		};
/* End XCVersionGroup section */
	};
	rootObject = C37537EF1E9916190047108C /* Project object */;
}
